PODS:
  - AdColony (4.1.1)
  - BidMachine (1.3.3):
    - BidMachine/Core (= 1.3.3)
  - BidMachine/Adapters (1.3.3):
    - BidMachine/AdColonyAdapter
    - BidMachine/AmazonAdapter
    - BidMachine/CriteoAdapter
    - BidMachine/FacebookAdapter
    - BidMachine/MintegralAdapter
    - BidMachine/MyTargetAdapter
    - BidMachine/SmaatoAdapter
    - BidMachine/TapjoyAdapter
    - BidMachine/VungleAdapter
  - BidMachine/AdColonyAdapter (1.3.3):
    - AdColony (= 4.1.1)
    - BidMachine/Core
  - BidMachine/AmazonAdapter (1.3.3):
    - BidMachine/Core
  - BidMachine/Core (1.3.3):
    - Protobuf (~> 3.9)
    - StackIAB (~> 0.5.0)
    - StackModules (~> 0.6.3)
  - BidMachine/CriteoAdapter (1.3.3):
    - BidMachine/Core
  - BidMachine/FacebookAdapter (1.3.3):
    - BidMachine/Core
    - FBAudienceNetwork (~> 5.5)
  - BidMachine/MintegralAdapter (1.3.3):
    - BidMachine/Core
    - MintegralAdSDK/BidInterstitialVideoAd (~> 5.8)
    - MintegralAdSDK/BidRewardVideoAd (~> 5.8)
  - BidMachine/MyTargetAdapter (1.3.3):
    - BidMachine/Core
    - myTargetSDK (= 5.3.5)
  - BidMachine/SmaatoAdapter (1.3.3):
    - BidMachine/Core
    - smaato-ios-sdk (~> 21.2)
    - smaato-ios-sdk/Modules/UnifiedBidding (~> 21.2)
  - BidMachine/TapjoyAdapter (1.3.3):
    - BidMachine/Core
    - TapjoySDK (~> 12.3)
  - BidMachine/VungleAdapter (1.3.3):
    - BidMachine/Core
    - VungleSDK-iOS (~> 6.4)
  - FBAudienceNetwork (5.5.1):
    - FBSDKCoreKit/Basics (>= 5.2.1)
  - FBSDKCoreKit/Basics (5.8.0)
  - Google-Mobile-Ads-SDK (7.51.0):
    - GoogleAppMeasurement (~> 6.0)
  - GoogleAppMeasurement (6.1.3):
    - GoogleUtilities/AppDelegateSwizzler (~> 6.0)
    - GoogleUtilities/MethodSwizzler (~> 6.0)
    - GoogleUtilities/Network (~> 6.0)
    - "GoogleUtilities/NSData+zlib (~> 6.0)"
    - nanopb (~> 0.3.901)
  - GoogleMobileAdsMediationTestSuite (1.1.0):
    - Google-Mobile-Ads-SDK (>= 7.10.1)
    - MaterialComponents/Cards (~> 76.1)
    - MaterialComponents/Dialogs (~> 76.1)
    - MaterialComponents/Tabs (~> 76.1)
  - GoogleUtilities/AppDelegateSwizzler (6.3.1):
    - GoogleUtilities/Environment
    - GoogleUtilities/Logger
    - GoogleUtilities/Network
  - GoogleUtilities/Environment (6.3.1)
  - GoogleUtilities/Logger (6.3.1):
    - GoogleUtilities/Environment
  - GoogleUtilities/MethodSwizzler (6.3.1):
    - GoogleUtilities/Logger
  - GoogleUtilities/Network (6.3.1):
    - GoogleUtilities/Logger
    - "GoogleUtilities/NSData+zlib"
    - GoogleUtilities/Reachability
  - "GoogleUtilities/NSData+zlib (6.3.1)"
  - GoogleUtilities/Reachability (6.3.1):
    - GoogleUtilities/Logger
  - MaterialComponents/AnimationTiming (76.1.2)
  - MaterialComponents/Buttons (76.1.2):
    - MaterialComponents/Ink
    - MaterialComponents/private/Math
    - MaterialComponents/ShadowElevations
    - MaterialComponents/ShadowLayer
    - MaterialComponents/Shapes
    - MaterialComponents/Typography
    - MDFInternationalization
    - MDFTextAccessibility
  - MaterialComponents/Cards (76.1.2):
    - MaterialComponents/Ink
    - MaterialComponents/private/Icons/ic_check_circle
    - MaterialComponents/private/Math
    - MaterialComponents/ShadowLayer
    - MaterialComponents/Shapes
  - MaterialComponents/Dialogs (76.1.2):
    - MaterialComponents/Buttons
    - MaterialComponents/private/KeyboardWatcher
    - MaterialComponents/ShadowElevations
    - MaterialComponents/ShadowLayer
    - MaterialComponents/Typography
    - MDFInternationalization
  - MaterialComponents/Ink (76.1.2):
    - MaterialComponents/private/Math
  - MaterialComponents/private/Application (76.1.2)
  - MaterialComponents/private/Icons/Base (76.1.2)
  - MaterialComponents/private/Icons/ic_check_circle (76.1.2):
    - MaterialComponents/private/Icons/Base
  - MaterialComponents/private/KeyboardWatcher (76.1.2):
    - MaterialComponents/private/Application
  - MaterialComponents/private/Math (76.1.2)
  - MaterialComponents/ShadowElevations (76.1.2)
  - MaterialComponents/ShadowLayer (76.1.2):
    - MaterialComponents/ShadowElevations
  - MaterialComponents/Shapes (76.1.2):
    - MaterialComponents/private/Math
    - MaterialComponents/ShadowLayer
  - MaterialComponents/Tabs (76.1.2):
    - MaterialComponents/AnimationTiming
    - MaterialComponents/Ink
    - MaterialComponents/private/Math
    - MaterialComponents/ShadowElevations
    - MaterialComponents/ShadowLayer
    - MaterialComponents/Typography
    - MDFInternationalization
  - MaterialComponents/Typography (76.1.2):
    - MaterialComponents/private/Application
    - MaterialComponents/private/Math
  - MDFInternationalization (2.0.0)
  - MDFTextAccessibility (2.0.0)
  - MintegralAdSDK/BidInterstitialVideoAd (5.8.3):
    - MintegralAdSDK/BidNativeAd
  - MintegralAdSDK/BidNativeAd (5.8.3)
  - MintegralAdSDK/BidRewardVideoAd (5.8.3):
    - MintegralAdSDK/BidNativeAd
  - myTargetSDK (5.3.5)
  - nanopb (0.3.9011):
    - nanopb/decode (= 0.3.9011)
    - nanopb/encode (= 0.3.9011)
  - nanopb/decode (0.3.9011)
  - nanopb/encode (0.3.9011)
  - Protobuf (3.10.0)
  - smaato-ios-sdk (21.2.0):
    - smaato-ios-sdk/Full (= 21.2.0)
  - smaato-ios-sdk/Banner (21.2.0):
    - smaato-ios-sdk/Modules/Banner
    - smaato-ios-sdk/Modules/Core
    - smaato-ios-sdk/Modules/RichMedia
  - smaato-ios-sdk/Full (21.2.0):
    - smaato-ios-sdk/Banner
    - smaato-ios-sdk/Interstitial
    - smaato-ios-sdk/RewardedAds
  - smaato-ios-sdk/Interstitial (21.2.0):
    - smaato-ios-sdk/Modules/Interstitial
    - smaato-ios-sdk/Modules/RichMedia
    - smaato-ios-sdk/Modules/Video
  - smaato-ios-sdk/Modules/Banner (21.2.0):
    - smaato-ios-sdk/Modules/Core
  - smaato-ios-sdk/Modules/Core (21.2.0)
  - smaato-ios-sdk/Modules/Interstitial (21.2.0):
    - smaato-ios-sdk/Modules/Core
  - smaato-ios-sdk/Modules/OpenMeasurement (21.2.0):
    - smaato-ios-sdk/Modules/Core
  - smaato-ios-sdk/Modules/RewardedAds (21.2.0):
    - smaato-ios-sdk/Modules/Core
  - smaato-ios-sdk/Modules/RichMedia (21.2.0):
    - smaato-ios-sdk/Modules/Core
    - smaato-ios-sdk/Modules/OpenMeasurement
  - smaato-ios-sdk/Modules/UnifiedBidding (21.2.0):
    - smaato-ios-sdk/Modules/Core
  - smaato-ios-sdk/Modules/Video (21.2.0):
    - smaato-ios-sdk/Modules/Core
    - smaato-ios-sdk/Modules/OpenMeasurement
  - smaato-ios-sdk/RewardedAds (21.2.0):
    - smaato-ios-sdk/Modules/RewardedAds
    - smaato-ios-sdk/Modules/Video
  - StackIAB (0.5.4):
    - StackIAB/StackMRAIDKit (= 0.5.4)
    - StackIAB/StackNASTKit (= 0.5.4)
    - StackIAB/StackRichMedia (= 0.5.4)
    - StackIAB/StackVASTAssets (= 0.5.4)
    - StackIAB/StackVASTKit (= 0.5.4)
    - StackIAB/StackVideoPlayer (= 0.5.4)
    - StackIAB/StackXML (= 0.5.4)
    - StackModules (~> 0.6.3)
  - StackIAB/StackMRAIDKit (0.5.4):
    - StackModules (~> 0.6.3)
  - StackIAB/StackNASTKit (0.5.4):
    - StackIAB/StackVASTKit
    - StackModules (~> 0.6.3)
  - StackIAB/StackRichMedia (0.5.4):
    - StackIAB/StackVASTAssets
    - StackIAB/StackVideoPlayer
    - StackModules (~> 0.6.3)
  - StackIAB/StackVASTAssets (0.5.4):
    - StackIAB/StackXML
    - StackModules (~> 0.6.3)
  - StackIAB/StackVASTKit (0.5.4):
    - StackIAB/StackMRAIDKit
    - StackIAB/StackVASTAssets
    - StackIAB/StackVideoPlayer
    - StackModules (~> 0.6.3)
  - StackIAB/StackVideoPlayer (0.5.4):
    - StackModules (~> 0.6.3)
  - StackIAB/StackXML (0.5.4):
    - StackModules (~> 0.6.3)
  - StackModules (0.6.9):
    - StackModules/StackUIKit (= 0.6.9)
  - StackModules/StackFoundation (0.6.9)
  - StackModules/StackUIKit (0.6.9):
    - StackModules/StackFoundation
  - TapjoySDK (12.3.4)
  - VungleSDK-iOS (6.4.5)

DEPENDENCIES:
  - BidMachine (= 1.3.3)
  - BidMachine/Adapters
  - Google-Mobile-Ads-SDK (= 7.51.0)
  - GoogleMobileAdsMediationTestSuite

SPEC REPOS:
  https://github.com/appodeal/CocoaPods.git:
    - AdColony
    - BidMachine
    - FBAudienceNetwork
    - myTargetSDK
    - StackIAB
    - StackModules
  https://github.com/CocoaPods/Specs.git:
    - FBSDKCoreKit
    - Google-Mobile-Ads-SDK
    - GoogleAppMeasurement
    - GoogleMobileAdsMediationTestSuite
    - GoogleUtilities
    - MaterialComponents
    - MDFInternationalization
    - MDFTextAccessibility
    - MintegralAdSDK
    - nanopb
    - Protobuf
    - smaato-ios-sdk
    - TapjoySDK
    - VungleSDK-iOS

SPEC CHECKSUMS:
  AdColony: e243e5c3f9df4c53874f2d9f8459b6bec19aaf7e
  BidMachine: 542e1567e7f0c5d428db6abe97e8e8f7680f476a
  FBAudienceNetwork: d397f0736d37e4678f6061273725722da3d1328b
  FBSDKCoreKit: e7dcac0aabcfb09d0166998edd95fe3b05a0ce5d
  Google-Mobile-Ads-SDK: 5c625884f0788d22b48e3bb641e1d65c673dc7a5
  GoogleAppMeasurement: 434cc7be25e71dc04b8d0e3079125127b330e84a
  GoogleMobileAdsMediationTestSuite: 9776316cd4700df59a5b0b0b0ceb2ce545bfd131
  GoogleUtilities: f895fde57977df4e0233edda0dbeac490e3703b6
  MaterialComponents: 1aef341d47fbaed37ddb5163a01af94cb6da8506
  MDFInternationalization: 010097556d6b09d2c4ea38e0820ea6d37be6a314
  MDFTextAccessibility: 85c09a1bd9c321f494348e632a25063bcda35a53
  MintegralAdSDK: 02144cbb6351138ebd0dd2dd259e5f5c868b890b
  myTargetSDK: b6bc8bb8ef45ec03c2f85bcd2e85515a8db60abf
  nanopb: 18003b5e52dab79db540fe93fe9579f399bd1ccd
  Protobuf: a4dc852ad69c027ca2166ed287b856697814375b
  smaato-ios-sdk: c5cb53ae857d5179065d2399c56b144a3ef652bd
  StackIAB: b620ba9d41bf6c744a2bb1c3cff7a51173cc0b96
  StackModules: 5d4102691bfa07db898b2c64e19d7ac256e43579
  TapjoySDK: 4325bc3c42ae91fed30929792a71d380c63a3c6c
  VungleSDK-iOS: 8951559521dd73c3f947757e9a4c4bbfd8645b7f

PODFILE CHECKSUM: 85664f1c671dba892ef9362d5411619c05c06592

COCOAPODS: 1.8.1
