// !$*UTF8*$!
{
	archiveVersion = 1;
	classes = {
	};
	objectVersion = 50;
	objects = {

/* Begin PBXBuildFile section */
		3701FB1626009B1D006A7B04 /* Empty.swift in Sources */ = {isa = PBXBuildFile; fileRef = 3701FB1526009B1D006A7B04 /* Empty.swift */; };
		3781988124C83BFB00E97FED /* AppDelegate.m in Sources */ = {isa = PBXBuildFile; fileRef = 3781988024C83BFB00E97FED /* AppDelegate.m */; };
		3781988A24C83BFB00E97FED /* Main.storyboard in Resources */ = {isa = PBXBuildFile; fileRef = 3781988824C83BFB00E97FED /* Main.storyboard */; };
		3781988C24C83BFB00E97FED /* Assets.xcassets in Resources */ = {isa = PBXBuildFile; fileRef = 3781988B24C83BFB00E97FED /* Assets.xcassets */; };
		3781988F24C83BFB00E97FED /* LaunchScreen.storyboard in Resources */ = {isa = PBXBuildFile; fileRef = 3781988D24C83BFB00E97FED /* LaunchScreen.storyboard */; };
		3781989224C83BFB00E97FED /* main.m in Sources */ = {isa = PBXBuildFile; fileRef = 3781989124C83BFB00E97FED /* main.m */; };
		3781989E24C83DA800E97FED /* NativeAdRenderer.m in Sources */ = {isa = PBXBuildFile; fileRef = 3781989A24C83DA800E97FED /* NativeAdRenderer.m */; };
		3781989F24C83DA800E97FED /* NativeAdView.m in Sources */ = {isa = PBXBuildFile; fileRef = 3781989B24C83DA800E97FED /* NativeAdView.m */; };
		378198A024C83DA800E97FED /* NativeAdView.xib in Resources */ = {isa = PBXBuildFile; fileRef = 3781989D24C83DA800E97FED /* NativeAdView.xib */; };
		378198A724C83E3D00E97FED /* BaseView.xib in Resources */ = {isa = PBXBuildFile; fileRef = 378198A424C83E3C00E97FED /* BaseView.xib */; };
		378198A824C83E3D00E97FED /* Base.m in Sources */ = {isa = PBXBuildFile; fileRef = 378198A624C83E3D00E97FED /* Base.m */; };
		378198B124C83E5A00E97FED /* Rewarded.m in Sources */ = {isa = PBXBuildFile; fileRef = 378198AA24C83E5A00E97FED /* Rewarded.m */; };
		378198B224C83E5A00E97FED /* Native.m in Sources */ = {isa = PBXBuildFile; fileRef = 378198AD24C83E5A00E97FED /* Native.m */; };
		378198B324C83E5A00E97FED /* Interstitial.m in Sources */ = {isa = PBXBuildFile; fileRef = 378198AE24C83E5A00E97FED /* Interstitial.m */; };
		378198B424C83E5A00E97FED /* Banner.m in Sources */ = {isa = PBXBuildFile; fileRef = 378198AF24C83E5A00E97FED /* Banner.m */; };
		65AD7DB529520A2E00469668 /* BidMachineAdMobAdapter.framework in Frameworks */ = {isa = PBXBuildFile; fileRef = 65AD7DB429520A2E00469668 /* BidMachineAdMobAdapter.framework */; };
		E798E06186DBEDFCCDEB18F5 /* libPods-BidMachineSample.a in Frameworks */ = {isa = PBXBuildFile; fileRef = 49472903164C2168349B4C06 /* libPods-BidMachineSample.a */; };
/* End PBXBuildFile section */

/* Begin PBXFileReference section */
		16582F8CEA5CCC6CEA1BEBA4 /* Pods-BidMachineSample.release.xcconfig */ = {isa = PBXFileReference; includeInIndex = 1; lastKnownFileType = text.xcconfig; name = "Pods-BidMachineSample.release.xcconfig"; path = "Target Support Files/Pods-BidMachineSample/Pods-BidMachineSample.release.xcconfig"; sourceTree = "<group>"; };
		3701FB1526009B1D006A7B04 /* Empty.swift */ = {isa = PBXFileReference; fileEncoding = 4; lastKnownFileType = sourcecode.swift; path = Empty.swift; sourceTree = "<group>"; };
		3781987C24C83BFB00E97FED /* BidMachineSample.app */ = {isa = PBXFileReference; explicitFileType = wrapper.application; includeInIndex = 0; path = BidMachineSample.app; sourceTree = BUILT_PRODUCTS_DIR; };
		3781987F24C83BFB00E97FED /* AppDelegate.h */ = {isa = PBXFileReference; lastKnownFileType = sourcecode.c.h; path = AppDelegate.h; sourceTree = "<group>"; };
		3781988024C83BFB00E97FED /* AppDelegate.m */ = {isa = PBXFileReference; lastKnownFileType = sourcecode.c.objc; path = AppDelegate.m; sourceTree = "<group>"; };
		3781988924C83BFB00E97FED /* Base */ = {isa = PBXFileReference; lastKnownFileType = file.storyboard; name = Base; path = Base.lproj/Main.storyboard; sourceTree = "<group>"; };
		3781988B24C83BFB00E97FED /* Assets.xcassets */ = {isa = PBXFileReference; lastKnownFileType = folder.assetcatalog; path = Assets.xcassets; sourceTree = "<group>"; };
		3781988E24C83BFB00E97FED /* Base */ = {isa = PBXFileReference; lastKnownFileType = file.storyboard; name = Base; path = Base.lproj/LaunchScreen.storyboard; sourceTree = "<group>"; };
		3781989024C83BFB00E97FED /* Info.plist */ = {isa = PBXFileReference; lastKnownFileType = text.plist.xml; path = Info.plist; sourceTree = "<group>"; };
		3781989124C83BFB00E97FED /* main.m */ = {isa = PBXFileReference; lastKnownFileType = sourcecode.c.objc; path = main.m; sourceTree = "<group>"; };
		3781989924C83DA800E97FED /* NativeAdView.h */ = {isa = PBXFileReference; fileEncoding = 4; lastKnownFileType = sourcecode.c.h; path = NativeAdView.h; sourceTree = "<group>"; };
		3781989A24C83DA800E97FED /* NativeAdRenderer.m */ = {isa = PBXFileReference; fileEncoding = 4; lastKnownFileType = sourcecode.c.objc; path = NativeAdRenderer.m; sourceTree = "<group>"; };
		3781989B24C83DA800E97FED /* NativeAdView.m */ = {isa = PBXFileReference; fileEncoding = 4; lastKnownFileType = sourcecode.c.objc; path = NativeAdView.m; sourceTree = "<group>"; };
		3781989C24C83DA800E97FED /* NativeAdRenderer.h */ = {isa = PBXFileReference; fileEncoding = 4; lastKnownFileType = sourcecode.c.h; path = NativeAdRenderer.h; sourceTree = "<group>"; };
		3781989D24C83DA800E97FED /* NativeAdView.xib */ = {isa = PBXFileReference; fileEncoding = 4; lastKnownFileType = file.xib; path = NativeAdView.xib; sourceTree = "<group>"; };
		378198A424C83E3C00E97FED /* BaseView.xib */ = {isa = PBXFileReference; fileEncoding = 4; lastKnownFileType = file.xib; path = BaseView.xib; sourceTree = "<group>"; };
		378198A524C83E3D00E97FED /* Base.h */ = {isa = PBXFileReference; fileEncoding = 4; lastKnownFileType = sourcecode.c.h; path = Base.h; sourceTree = "<group>"; };
		378198A624C83E3D00E97FED /* Base.m */ = {isa = PBXFileReference; fileEncoding = 4; lastKnownFileType = sourcecode.c.objc; path = Base.m; sourceTree = "<group>"; };
		378198A924C83E5A00E97FED /* Banner.h */ = {isa = PBXFileReference; fileEncoding = 4; lastKnownFileType = sourcecode.c.h; path = Banner.h; sourceTree = "<group>"; };
		378198AA24C83E5A00E97FED /* Rewarded.m */ = {isa = PBXFileReference; fileEncoding = 4; lastKnownFileType = sourcecode.c.objc; path = Rewarded.m; sourceTree = "<group>"; };
		378198AB24C83E5A00E97FED /* Interstitial.h */ = {isa = PBXFileReference; fileEncoding = 4; lastKnownFileType = sourcecode.c.h; path = Interstitial.h; sourceTree = "<group>"; };
		378198AC24C83E5A00E97FED /* Rewarded.h */ = {isa = PBXFileReference; fileEncoding = 4; lastKnownFileType = sourcecode.c.h; path = Rewarded.h; sourceTree = "<group>"; };
		378198AD24C83E5A00E97FED /* Native.m */ = {isa = PBXFileReference; fileEncoding = 4; lastKnownFileType = sourcecode.c.objc; path = Native.m; sourceTree = "<group>"; };
		378198AE24C83E5A00E97FED /* Interstitial.m */ = {isa = PBXFileReference; fileEncoding = 4; lastKnownFileType = sourcecode.c.objc; path = Interstitial.m; sourceTree = "<group>"; };
		378198AF24C83E5A00E97FED /* Banner.m */ = {isa = PBXFileReference; fileEncoding = 4; lastKnownFileType = sourcecode.c.objc; path = Banner.m; sourceTree = "<group>"; };
		378198B024C83E5A00E97FED /* Native.h */ = {isa = PBXFileReference; fileEncoding = 4; lastKnownFileType = sourcecode.c.h; path = Native.h; sourceTree = "<group>"; };
		49472903164C2168349B4C06 /* libPods-BidMachineSample.a */ = {isa = PBXFileReference; explicitFileType = archive.ar; includeInIndex = 0; path = "libPods-BidMachineSample.a"; sourceTree = BUILT_PRODUCTS_DIR; };
		65AD7DB429520A2E00469668 /* BidMachineAdMobAdapter.framework */ = {isa = PBXFileReference; explicitFileType = wrapper.framework; path = BidMachineAdMobAdapter.framework; sourceTree = BUILT_PRODUCTS_DIR; };
		E6EC49E70BA7CF7C10E4852E /* Pods-BidMachineSample.debug.xcconfig */ = {isa = PBXFileReference; includeInIndex = 1; lastKnownFileType = text.xcconfig; name = "Pods-BidMachineSample.debug.xcconfig"; path = "Target Support Files/Pods-BidMachineSample/Pods-BidMachineSample.debug.xcconfig"; sourceTree = "<group>"; };
/* End PBXFileReference section */

/* Begin PBXFrameworksBuildPhase section */
		3781987924C83BFB00E97FED /* Frameworks */ = {
			isa = PBXFrameworksBuildPhase;
			buildActionMask = 2147483647;
			files = (
				65AD7DB529520A2E00469668 /* BidMachineAdMobAdapter.framework in Frameworks */,
				E798E06186DBEDFCCDEB18F5 /* libPods-BidMachineSample.a in Frameworks */,
			);
			runOnlyForDeploymentPostprocessing = 0;
		};
/* End PBXFrameworksBuildPhase section */

/* Begin PBXGroup section */
		3781987324C83BFB00E97FED = {
			isa = PBXGroup;
			children = (
				3781987E24C83BFB00E97FED /* BidMachineSample */,
				3781987D24C83BFB00E97FED /* Products */,
				3F2F9F309A84FEDC6456167A /* Frameworks */,
				94490450F58C54902BF2D2AA /* Pods */,
			);
			sourceTree = "<group>";
		};
		3781987D24C83BFB00E97FED /* Products */ = {
			isa = PBXGroup;
			children = (
				3781987C24C83BFB00E97FED /* BidMachineSample.app */,
			);
			name = Products;
			sourceTree = "<group>";
		};
		3781987E24C83BFB00E97FED /* BidMachineSample */ = {
			isa = PBXGroup;
			children = (
				3781987F24C83BFB00E97FED /* AppDelegate.h */,
				3781988024C83BFB00E97FED /* AppDelegate.m */,
				378198A224C83E1500E97FED /* AdControllers */,
				3781989824C83D8400E97FED /* Presenters */,
				378198A124C83DB100E97FED /* ApplicationSupport */,
			);
			path = BidMachineSample;
			sourceTree = "<group>";
		};
		3781989824C83D8400E97FED /* Presenters */ = {
			isa = PBXGroup;
			children = (
				3781989C24C83DA800E97FED /* NativeAdRenderer.h */,
				3781989A24C83DA800E97FED /* NativeAdRenderer.m */,
				3781989924C83DA800E97FED /* NativeAdView.h */,
				3781989B24C83DA800E97FED /* NativeAdView.m */,
				3781989D24C83DA800E97FED /* NativeAdView.xib */,
			);
			name = Presenters;
			sourceTree = "<group>";
		};
		378198A124C83DB100E97FED /* ApplicationSupport */ = {
			isa = PBXGroup;
			children = (
				3701FB1526009B1D006A7B04 /* Empty.swift */,
				3781988824C83BFB00E97FED /* Main.storyboard */,
				3781988B24C83BFB00E97FED /* Assets.xcassets */,
				3781988D24C83BFB00E97FED /* LaunchScreen.storyboard */,
				3781989024C83BFB00E97FED /* Info.plist */,
				3781989124C83BFB00E97FED /* main.m */,
			);
			name = ApplicationSupport;
			sourceTree = "<group>";
		};
		378198A224C83E1500E97FED /* AdControllers */ = {
			isa = PBXGroup;
			children = (
				378198A324C83E2400E97FED /* Base */,
				378198AB24C83E5A00E97FED /* Interstitial.h */,
				378198AE24C83E5A00E97FED /* Interstitial.m */,
				378198AC24C83E5A00E97FED /* Rewarded.h */,
				378198AA24C83E5A00E97FED /* Rewarded.m */,
				378198A924C83E5A00E97FED /* Banner.h */,
				378198AF24C83E5A00E97FED /* Banner.m */,
				378198B024C83E5A00E97FED /* Native.h */,
				378198AD24C83E5A00E97FED /* Native.m */,
			);
			name = AdControllers;
			sourceTree = "<group>";
		};
		378198A324C83E2400E97FED /* Base */ = {
			isa = PBXGroup;
			children = (
				378198A524C83E3D00E97FED /* Base.h */,
				378198A624C83E3D00E97FED /* Base.m */,
				378198A424C83E3C00E97FED /* BaseView.xib */,
			);
			name = Base;
			sourceTree = "<group>";
		};
		3F2F9F309A84FEDC6456167A /* Frameworks */ = {
			isa = PBXGroup;
			children = (
				65AD7DB429520A2E00469668 /* BidMachineAdMobAdapter.framework */,
				49472903164C2168349B4C06 /* libPods-BidMachineSample.a */,
			);
			name = Frameworks;
			sourceTree = "<group>";
		};
		94490450F58C54902BF2D2AA /* Pods */ = {
			isa = PBXGroup;
			children = (
				E6EC49E70BA7CF7C10E4852E /* Pods-BidMachineSample.debug.xcconfig */,
				16582F8CEA5CCC6CEA1BEBA4 /* Pods-BidMachineSample.release.xcconfig */,
			);
			name = Pods;
			path = ../Pods;
			sourceTree = "<group>";
		};
/* End PBXGroup section */

/* Begin PBXNativeTarget section */
		3781987B24C83BFB00E97FED /* BidMachineSample */ = {
			isa = PBXNativeTarget;
			buildConfigurationList = 3781989524C83BFB00E97FED /* Build configuration list for PBXNativeTarget "BidMachineSample" */;
			buildPhases = (
				FE19C06EC035D0004F6C1FBB /* [CP] Check Pods Manifest.lock */,
				3781987824C83BFB00E97FED /* Sources */,
				3781987924C83BFB00E97FED /* Frameworks */,
				3781987A24C83BFB00E97FED /* Resources */,
				069C307522C9856548282628 /* [CP] Embed Pods Frameworks */,
			);
			buildRules = (
			);
			dependencies = (
			);
			name = BidMachineSample;
			productName = AdMobBidMachineHBSample;
			productReference = 3781987C24C83BFB00E97FED /* BidMachineSample.app */;
			productType = "com.apple.product-type.application";
		};
/* End PBXNativeTarget section */

/* Begin PBXProject section */
		3781987424C83BFB00E97FED /* Project object */ = {
			isa = PBXProject;
			attributes = {
				LastUpgradeCheck = 1140;
				ORGANIZATIONNAME = "Ilia Lozhkin";
				TargetAttributes = {
					3781987B24C83BFB00E97FED = {
						CreatedOnToolsVersion = 11.4.1;
						LastSwiftMigration = 1240;
					};
				};
			};
			buildConfigurationList = 3781987724C83BFB00E97FED /* Build configuration list for PBXProject "BidMachineSample" */;
			compatibilityVersion = "Xcode 9.3";
			developmentRegion = en;
			hasScannedForEncodings = 0;
			knownRegions = (
				en,
				Base,
			);
			mainGroup = 3781987324C83BFB00E97FED;
			productRefGroup = 3781987D24C83BFB00E97FED /* Products */;
			projectDirPath = "";
			projectRoot = "";
			targets = (
				3781987B24C83BFB00E97FED /* BidMachineSample */,
			);
		};
/* End PBXProject section */

/* Begin PBXResourcesBuildPhase section */
		3781987A24C83BFB00E97FED /* Resources */ = {
			isa = PBXResourcesBuildPhase;
			buildActionMask = 2147483647;
			files = (
				378198A024C83DA800E97FED /* NativeAdView.xib in Resources */,
				3781988F24C83BFB00E97FED /* LaunchScreen.storyboard in Resources */,
				378198A724C83E3D00E97FED /* BaseView.xib in Resources */,
				3781988C24C83BFB00E97FED /* Assets.xcassets in Resources */,
				3781988A24C83BFB00E97FED /* Main.storyboard in Resources */,
			);
			runOnlyForDeploymentPostprocessing = 0;
		};
/* End PBXResourcesBuildPhase section */

/* Begin PBXShellScriptBuildPhase section */
		069C307522C9856548282628 /* [CP] Embed Pods Frameworks */ = {
			isa = PBXShellScriptBuildPhase;
			buildActionMask = 2147483647;
			files = (
			);
			inputFileListPaths = (
				"${PODS_ROOT}/Target Support Files/Pods-BidMachineSample/Pods-BidMachineSample-frameworks-${CONFIGURATION}-input-files.xcfilelist",
			);
			name = "[CP] Embed Pods Frameworks";
			outputFileListPaths = (
				"${PODS_ROOT}/Target Support Files/Pods-BidMachineSample/Pods-BidMachineSample-frameworks-${CONFIGURATION}-output-files.xcfilelist",
			);
			runOnlyForDeploymentPostprocessing = 0;
			shellPath = /bin/sh;
			shellScript = "\"${PODS_ROOT}/Target Support Files/Pods-BidMachineSample/Pods-BidMachineSample-frameworks.sh\"\n";
			showEnvVarsInLog = 0;
		};
		FE19C06EC035D0004F6C1FBB /* [CP] Check Pods Manifest.lock */ = {
			isa = PBXShellScriptBuildPhase;
			buildActionMask = 2147483647;
			files = (
			);
			inputFileListPaths = (
			);
			inputPaths = (
				"${PODS_PODFILE_DIR_PATH}/Podfile.lock",
				"${PODS_ROOT}/Manifest.lock",
			);
			name = "[CP] Check Pods Manifest.lock";
			outputFileListPaths = (
			);
			outputPaths = (
				"$(DERIVED_FILE_DIR)/Pods-BidMachineSample-checkManifestLockResult.txt",
			);
			runOnlyForDeploymentPostprocessing = 0;
			shellPath = /bin/sh;
			shellScript = "diff \"${PODS_PODFILE_DIR_PATH}/Podfile.lock\" \"${PODS_ROOT}/Manifest.lock\" > /dev/null\nif [ $? != 0 ] ; then\n    # print error to STDERR\n    echo \"error: The sandbox is not in sync with the Podfile.lock. Run 'pod install' or update your CocoaPods installation.\" >&2\n    exit 1\nfi\n# This output is used by Xcode 'outputs' to avoid re-running this script phase.\necho \"SUCCESS\" > \"${SCRIPT_OUTPUT_FILE_0}\"\n";
			showEnvVarsInLog = 0;
		};
/* End PBXShellScriptBuildPhase section */

/* Begin PBXSourcesBuildPhase section */
		3781987824C83BFB00E97FED /* Sources */ = {
			isa = PBXSourcesBuildPhase;
			buildActionMask = 2147483647;
			files = (
				3701FB1626009B1D006A7B04 /* Empty.swift in Sources */,
				378198A824C83E3D00E97FED /* Base.m in Sources */,
				3781989F24C83DA800E97FED /* NativeAdView.m in Sources */,
				3781989E24C83DA800E97FED /* NativeAdRenderer.m in Sources */,
				378198B124C83E5A00E97FED /* Rewarded.m in Sources */,
				378198B224C83E5A00E97FED /* Native.m in Sources */,
				378198B324C83E5A00E97FED /* Interstitial.m in Sources */,
				3781988124C83BFB00E97FED /* AppDelegate.m in Sources */,
				378198B424C83E5A00E97FED /* Banner.m in Sources */,
				3781989224C83BFB00E97FED /* main.m in Sources */,
			);
			runOnlyForDeploymentPostprocessing = 0;
		};
/* End PBXSourcesBuildPhase section */

/* Begin PBXVariantGroup section */
		3781988824C83BFB00E97FED /* Main.storyboard */ = {
			isa = PBXVariantGroup;
			children = (
				3781988924C83BFB00E97FED /* Base */,
			);
			name = Main.storyboard;
			sourceTree = "<group>";
		};
		3781988D24C83BFB00E97FED /* LaunchScreen.storyboard */ = {
			isa = PBXVariantGroup;
			children = (
				3781988E24C83BFB00E97FED /* Base */,
			);
			name = LaunchScreen.storyboard;
			sourceTree = "<group>";
		};
/* End PBXVariantGroup section */

/* Begin XCBuildConfiguration section */
		3781989324C83BFB00E97FED /* Debug */ = {
			isa = XCBuildConfiguration;
			buildSettings = {
				ALWAYS_SEARCH_USER_PATHS = NO;
				CLANG_ANALYZER_NONNULL = YES;
				CLANG_ANALYZER_NUMBER_OBJECT_CONVERSION = YES_AGGRESSIVE;
				CLANG_CXX_LANGUAGE_STANDARD = "gnu++14";
				CLANG_CXX_LIBRARY = "libc++";
				CLANG_ENABLE_MODULES = YES;
				CLANG_ENABLE_OBJC_ARC = YES;
				CLANG_ENABLE_OBJC_WEAK = YES;
				CLANG_WARN_BLOCK_CAPTURE_AUTORELEASING = YES;
				CLANG_WARN_BOOL_CONVERSION = YES;
				CLANG_WARN_COMMA = YES;
				CLANG_WARN_CONSTANT_CONVERSION = YES;
				CLANG_WARN_DEPRECATED_OBJC_IMPLEMENTATIONS = YES;
				CLANG_WARN_DIRECT_OBJC_ISA_USAGE = YES_ERROR;
				CLANG_WARN_DOCUMENTATION_COMMENTS = YES;
				CLANG_WARN_EMPTY_BODY = YES;
				CLANG_WARN_ENUM_CONVERSION = YES;
				CLANG_WARN_INFINITE_RECURSION = YES;
				CLANG_WARN_INT_CONVERSION = YES;
				CLANG_WARN_NON_LITERAL_NULL_CONVERSION = YES;
				CLANG_WARN_OBJC_IMPLICIT_RETAIN_SELF = YES;
				CLANG_WARN_OBJC_LITERAL_CONVERSION = YES;
				CLANG_WARN_OBJC_ROOT_CLASS = YES_ERROR;
				CLANG_WARN_RANGE_LOOP_ANALYSIS = YES;
				CLANG_WARN_STRICT_PROTOTYPES = YES;
				CLANG_WARN_SUSPICIOUS_MOVE = YES;
				CLANG_WARN_UNGUARDED_AVAILABILITY = YES_AGGRESSIVE;
				CLANG_WARN_UNREACHABLE_CODE = YES;
				CLANG_WARN__DUPLICATE_METHOD_MATCH = YES;
				COPY_PHASE_STRIP = NO;
				DEBUG_INFORMATION_FORMAT = dwarf;
				ENABLE_STRICT_OBJC_MSGSEND = YES;
				ENABLE_TESTABILITY = YES;
				GCC_C_LANGUAGE_STANDARD = gnu11;
				GCC_DYNAMIC_NO_PIC = NO;
				GCC_NO_COMMON_BLOCKS = YES;
				GCC_OPTIMIZATION_LEVEL = 0;
				GCC_PREPROCESSOR_DEFINITIONS = (
					"DEBUG=1",
					"$(inherited)",
				);
				GCC_WARN_64_TO_32_BIT_CONVERSION = YES;
				GCC_WARN_ABOUT_RETURN_TYPE = YES_ERROR;
				GCC_WARN_UNDECLARED_SELECTOR = YES;
				GCC_WARN_UNINITIALIZED_AUTOS = YES_AGGRESSIVE;
				GCC_WARN_UNUSED_FUNCTION = YES;
				GCC_WARN_UNUSED_VARIABLE = YES;
				IPHONEOS_DEPLOYMENT_TARGET = 13.0;
				MTL_ENABLE_DEBUG_INFO = INCLUDE_SOURCE;
				MTL_FAST_MATH = YES;
				ONLY_ACTIVE_ARCH = YES;
				SDKROOT = iphoneos;
			};
			name = Debug;
		};
		3781989424C83BFB00E97FED /* Release */ = {
			isa = XCBuildConfiguration;
			buildSettings = {
				ALWAYS_SEARCH_USER_PATHS = NO;
				CLANG_ANALYZER_NONNULL = YES;
				CLANG_ANALYZER_NUMBER_OBJECT_CONVERSION = YES_AGGRESSIVE;
				CLANG_CXX_LANGUAGE_STANDARD = "gnu++14";
				CLANG_CXX_LIBRARY = "libc++";
				CLANG_ENABLE_MODULES = YES;
				CLANG_ENABLE_OBJC_ARC = YES;
				CLANG_ENABLE_OBJC_WEAK = YES;
				CLANG_WARN_BLOCK_CAPTURE_AUTORELEASING = YES;
				CLANG_WARN_BOOL_CONVERSION = YES;
				CLANG_WARN_COMMA = YES;
				CLANG_WARN_CONSTANT_CONVERSION = YES;
				CLANG_WARN_DEPRECATED_OBJC_IMPLEMENTATIONS = YES;
				CLANG_WARN_DIRECT_OBJC_ISA_USAGE = YES_ERROR;
				CLANG_WARN_DOCUMENTATION_COMMENTS = YES;
				CLANG_WARN_EMPTY_BODY = YES;
				CLANG_WARN_ENUM_CONVERSION = YES;
				CLANG_WARN_INFINITE_RECURSION = YES;
				CLANG_WARN_INT_CONVERSION = YES;
				CLANG_WARN_NON_LITERAL_NULL_CONVERSION = YES;
				CLANG_WARN_OBJC_IMPLICIT_RETAIN_SELF = YES;
				CLANG_WARN_OBJC_LITERAL_CONVERSION = YES;
				CLANG_WARN_OBJC_ROOT_CLASS = YES_ERROR;
				CLANG_WARN_RANGE_LOOP_ANALYSIS = YES;
				CLANG_WARN_STRICT_PROTOTYPES = YES;
				CLANG_WARN_SUSPICIOUS_MOVE = YES;
				CLANG_WARN_UNGUARDED_AVAILABILITY = YES_AGGRESSIVE;
				CLANG_WARN_UNREACHABLE_CODE = YES;
				CLANG_WARN__DUPLICATE_METHOD_MATCH = YES;
				COPY_PHASE_STRIP = NO;
				DEBUG_INFORMATION_FORMAT = "dwarf-with-dsym";
				ENABLE_NS_ASSERTIONS = NO;
				ENABLE_STRICT_OBJC_MSGSEND = YES;
				GCC_C_LANGUAGE_STANDARD = gnu11;
				GCC_NO_COMMON_BLOCKS = YES;
				GCC_WARN_64_TO_32_BIT_CONVERSION = YES;
				GCC_WARN_ABOUT_RETURN_TYPE = YES_ERROR;
				GCC_WARN_UNDECLARED_SELECTOR = YES;
				GCC_WARN_UNINITIALIZED_AUTOS = YES_AGGRESSIVE;
				GCC_WARN_UNUSED_FUNCTION = YES;
				GCC_WARN_UNUSED_VARIABLE = YES;
				IPHONEOS_DEPLOYMENT_TARGET = 13.0;
				MTL_ENABLE_DEBUG_INFO = NO;
				MTL_FAST_MATH = YES;
				SDKROOT = iphoneos;
				VALIDATE_PRODUCT = YES;
			};
			name = Release;
		};
		3781989624C83BFB00E97FED /* Debug */ = {
			isa = XCBuildConfiguration;
			baseConfigurationReference = E6EC49E70BA7CF7C10E4852E /* Pods-BidMachineSample.debug.xcconfig */;
			buildSettings = {
				ASSETCATALOG_COMPILER_APPICON_NAME = AppIcon;
				CLANG_ENABLE_MODULES = YES;
				CODE_SIGN_STYLE = Automatic;
				DEVELOPMENT_TEAM = WG4VFF78ZM;
				INFOPLIST_FILE = BidMachineSample/Info.plist;
				IPHONEOS_DEPLOYMENT_TARGET = 13.0;
				LD_RUNPATH_SEARCH_PATHS = (
					"$(inherited)",
					"@executable_path/Frameworks",
				);
				PRODUCT_BUNDLE_IDENTIFIER = appodeal.AdMobBidMachineHBSample;
				PRODUCT_NAME = "$(TARGET_NAME)";
				SWIFT_OPTIMIZATION_LEVEL = "-Onone";
				SWIFT_VERSION = 5.0;
				TARGETED_DEVICE_FAMILY = "1,2";
			};
			name = Debug;
		};
		3781989724C83BFB00E97FED /* Release */ = {
			isa = XCBuildConfiguration;
			baseConfigurationReference = 16582F8CEA5CCC6CEA1BEBA4 /* Pods-BidMachineSample.release.xcconfig */;
			buildSettings = {
				ASSETCATALOG_COMPILER_APPICON_NAME = AppIcon;
				CLANG_ENABLE_MODULES = YES;
				CODE_SIGN_STYLE = Automatic;
				DEVELOPMENT_TEAM = WG4VFF78ZM;
				INFOPLIST_FILE = BidMachineSample/Info.plist;
				IPHONEOS_DEPLOYMENT_TARGET = 13.0;
				LD_RUNPATH_SEARCH_PATHS = (
					"$(inherited)",
					"@executable_path/Frameworks",
				);
				PRODUCT_BUNDLE_IDENTIFIER = appodeal.AdMobBidMachineHBSample;
				PRODUCT_NAME = "$(TARGET_NAME)";
				SWIFT_VERSION = 5.0;
				TARGETED_DEVICE_FAMILY = "1,2";
			};
			name = Release;
		};
/* End XCBuildConfiguration section */

/* Begin XCConfigurationList section */
		3781987724C83BFB00E97FED /* Build configuration list for PBXProject "BidMachineSample" */ = {
			isa = XCConfigurationList;
			buildConfigurations = (
				3781989324C83BFB00E97FED /* Debug */,
				3781989424C83BFB00E97FED /* Release */,
			);
			defaultConfigurationIsVisible = 0;
			defaultConfigurationName = Release;
		};
		3781989524C83BFB00E97FED /* Build configuration list for PBXNativeTarget "BidMachineSample" */ = {
			isa = XCConfigurationList;
			buildConfigurations = (
				3781989624C83BFB00E97FED /* Debug */,
				3781989724C83BFB00E97FED /* Release */,
			);
			defaultConfigurationIsVisible = 0;
			defaultConfigurationName = Release;
		};
/* End XCConfigurationList section */
	};
	rootObject = 3781987424C83BFB00E97FED /* Project object */;
}
