// !$*UTF8*$!
{
	archiveVersion = 1;
	classes = {
	};
	objectVersion = 55;
	objects = {

/* Begin PBXBuildFile section */
		65AD7DAC2951F14200469668 /* BidMachineAdMobAdapter.h in Headers */ = {isa = PBXBuildFile; fileRef = 65AD7DAB2951F14200469668 /* BidMachineAdMobAdapter.h */; settings = {ATTRIBUTES = (Public, ); }; };
		65AD7DB72952132400469668 /* MediationAdapter.swift in Sources */ = {isa = PBXBuildFile; fileRef = 65AD7DB62952132400469668 /* MediationAdapter.swift */; };
		65AD7DBB295213B600469668 /* InterstitialAd.swift in Sources */ = {isa = PBXBuildFile; fileRef = 65AD7DBA295213B600469668 /* InterstitialAd.swift */; };
		65AD7DBF2952199900469668 /* BidMachineAdProvider.swift in Sources */ = {isa = PBXBuildFile; fileRef = 65AD7DBE2952199900469668 /* BidMachineAdProvider.swift */; };
		65AD7DC1295233CF00469668 /* BidMachineError.swift in Sources */ = {isa = PBXBuildFile; fileRef = 65AD7DC0295233CF00469668 /* BidMachineError.swift */; };
		65AD7DC329523E2A00469668 /* BidMachineExtension.swift in Sources */ = {isa = PBXBuildFile; fileRef = 65AD7DC229523E2A00469668 /* BidMachineExtension.swift */; };
		65AD7DC529524A5300469668 /* BannerAd.swift in Sources */ = {isa = PBXBuildFile; fileRef = 65AD7DC429524A5300469668 /* BannerAd.swift */; };
		65AD7DC729524E6000469668 /* RewardedAd.swift in Sources */ = {isa = PBXBuildFile; fileRef = 65AD7DC629524E6000469668 /* RewardedAd.swift */; };
		65AD7DC92952511F00469668 /* NativeAd.swift in Sources */ = {isa = PBXBuildFile; fileRef = 65AD7DC82952511F00469668 /* NativeAd.swift */; };
		65AD7DCC2952543A00469668 /* NativeAdRendering.swift in Sources */ = {isa = PBXBuildFile; fileRef = 65AD7DCB2952543A00469668 /* NativeAdRendering.swift */; };
		65AD7DCE295341AF00469668 /* BidMachineAdMobAdapter.swift in Sources */ = {isa = PBXBuildFile; fileRef = 65AD7DCD295341AF00469668 /* BidMachineAdMobAdapter.swift */; };
		65AD7DD12953420400469668 /* AdStorageService.swift in Sources */ = {isa = PBXBuildFile; fileRef = 65AD7DD02953420400469668 /* AdStorageService.swift */; };
		65AD7DD3295343BF00469668 /* AdStorageItem.swift in Sources */ = {isa = PBXBuildFile; fileRef = 65AD7DD2295343BF00469668 /* AdStorageItem.swift */; };
		65AD7DD629538A5500469668 /* MediationSettings.swift in Sources */ = {isa = PBXBuildFile; fileRef = 65AD7DD529538A5500469668 /* MediationSettings.swift */; };
		E94817F6806104694F33DE9E /* Pods_BidMachineAdMobAdapter.framework in Frameworks */ = {isa = PBXBuildFile; fileRef = 3021870A57561ACD9F44B3ED /* Pods_BidMachineAdMobAdapter.framework */; };
/* End PBXBuildFile section */

/* Begin PBXFileReference section */
		01B23CF72D0B1994007C6E36 /* PrivacyInfo.xcprivacy */ = {isa = PBXFileReference; lastKnownFileType = text.xml; path = PrivacyInfo.xcprivacy; sourceTree = "<group>"; };
		3021870A57561ACD9F44B3ED /* Pods_BidMachineAdMobAdapter.framework */ = {isa = PBXFileReference; explicitFileType = wrapper.framework; includeInIndex = 0; path = Pods_BidMachineAdMobAdapter.framework; sourceTree = BUILT_PRODUCTS_DIR; };
		4F1AED9889CB84B56EECCD22 /* Pods-BidMachineAdMobAdapter.debug.xcconfig */ = {isa = PBXFileReference; includeInIndex = 1; lastKnownFileType = text.xcconfig; name = "Pods-BidMachineAdMobAdapter.debug.xcconfig"; path = "Target Support Files/Pods-BidMachineAdMobAdapter/Pods-BidMachineAdMobAdapter.debug.xcconfig"; sourceTree = "<group>"; };
		65AD7DA82951F14200469668 /* BidMachineAdMobAdapter.framework */ = {isa = PBXFileReference; explicitFileType = wrapper.framework; includeInIndex = 0; path = BidMachineAdMobAdapter.framework; sourceTree = BUILT_PRODUCTS_DIR; };
		65AD7DAB2951F14200469668 /* BidMachineAdMobAdapter.h */ = {isa = PBXFileReference; lastKnownFileType = sourcecode.c.h; path = BidMachineAdMobAdapter.h; sourceTree = "<group>"; };
		65AD7DB62952132400469668 /* MediationAdapter.swift */ = {isa = PBXFileReference; lastKnownFileType = sourcecode.swift; path = MediationAdapter.swift; sourceTree = "<group>"; };
		65AD7DBA295213B600469668 /* InterstitialAd.swift */ = {isa = PBXFileReference; lastKnownFileType = sourcecode.swift; path = InterstitialAd.swift; sourceTree = "<group>"; };
		65AD7DBE2952199900469668 /* BidMachineAdProvider.swift */ = {isa = PBXFileReference; lastKnownFileType = sourcecode.swift; path = BidMachineAdProvider.swift; sourceTree = "<group>"; };
		65AD7DC0295233CF00469668 /* BidMachineError.swift */ = {isa = PBXFileReference; lastKnownFileType = sourcecode.swift; path = BidMachineError.swift; sourceTree = "<group>"; };
		65AD7DC229523E2A00469668 /* BidMachineExtension.swift */ = {isa = PBXFileReference; lastKnownFileType = sourcecode.swift; path = BidMachineExtension.swift; sourceTree = "<group>"; };
		65AD7DC429524A5300469668 /* BannerAd.swift */ = {isa = PBXFileReference; lastKnownFileType = sourcecode.swift; path = BannerAd.swift; sourceTree = "<group>"; };
		65AD7DC629524E6000469668 /* RewardedAd.swift */ = {isa = PBXFileReference; lastKnownFileType = sourcecode.swift; path = RewardedAd.swift; sourceTree = "<group>"; };
		65AD7DC82952511F00469668 /* NativeAd.swift */ = {isa = PBXFileReference; lastKnownFileType = sourcecode.swift; path = NativeAd.swift; sourceTree = "<group>"; };
		65AD7DCB2952543A00469668 /* NativeAdRendering.swift */ = {isa = PBXFileReference; lastKnownFileType = sourcecode.swift; path = NativeAdRendering.swift; sourceTree = "<group>"; };
		65AD7DCD295341AF00469668 /* BidMachineAdMobAdapter.swift */ = {isa = PBXFileReference; lastKnownFileType = sourcecode.swift; path = BidMachineAdMobAdapter.swift; sourceTree = "<group>"; };
		65AD7DD02953420400469668 /* AdStorageService.swift */ = {isa = PBXFileReference; lastKnownFileType = sourcecode.swift; path = AdStorageService.swift; sourceTree = "<group>"; };
		65AD7DD2295343BF00469668 /* AdStorageItem.swift */ = {isa = PBXFileReference; lastKnownFileType = sourcecode.swift; path = AdStorageItem.swift; sourceTree = "<group>"; };
		65AD7DD529538A5500469668 /* MediationSettings.swift */ = {isa = PBXFileReference; lastKnownFileType = sourcecode.swift; path = MediationSettings.swift; sourceTree = "<group>"; };
		78A64ADCC4E021ADE519F22D /* Pods-BidMachineAdMobAdapter.release.xcconfig */ = {isa = PBXFileReference; includeInIndex = 1; lastKnownFileType = text.xcconfig; name = "Pods-BidMachineAdMobAdapter.release.xcconfig"; path = "Target Support Files/Pods-BidMachineAdMobAdapter/Pods-BidMachineAdMobAdapter.release.xcconfig"; sourceTree = "<group>"; };
/* End PBXFileReference section */

/* Begin PBXFrameworksBuildPhase section */
		65AD7DA52951F14200469668 /* Frameworks */ = {
			isa = PBXFrameworksBuildPhase;
			buildActionMask = 2147483647;
			files = (
				E94817F6806104694F33DE9E /* Pods_BidMachineAdMobAdapter.framework in Frameworks */,
			);
			runOnlyForDeploymentPostprocessing = 0;
		};
/* End PBXFrameworksBuildPhase section */

/* Begin PBXGroup section */
		3E413AC56CF1E6DA4DE7254A /* Frameworks */ = {
			isa = PBXGroup;
			children = (
				3021870A57561ACD9F44B3ED /* Pods_BidMachineAdMobAdapter.framework */,
			);
			name = Frameworks;
			sourceTree = "<group>";
		};
		65AD7D9E2951F14200469668 = {
			isa = PBXGroup;
			children = (
				65AD7DAA2951F14200469668 /* BidMachineAdMobAdapter */,
				65AD7DA92951F14200469668 /* Products */,
				F75E284EBEA7EADCF704735F /* Pods */,
				3E413AC56CF1E6DA4DE7254A /* Frameworks */,
			);
			sourceTree = "<group>";
		};
		65AD7DA92951F14200469668 /* Products */ = {
			isa = PBXGroup;
			children = (
				65AD7DA82951F14200469668 /* BidMachineAdMobAdapter.framework */,
			);
			name = Products;
			sourceTree = "<group>";
		};
		65AD7DAA2951F14200469668 /* BidMachineAdMobAdapter */ = {
			isa = PBXGroup;
			children = (
				01B23CF72D0B1994007C6E36 /* PrivacyInfo.xcprivacy */,
				65AD7DAB2951F14200469668 /* BidMachineAdMobAdapter.h */,
				65AD7DCD295341AF00469668 /* BidMachineAdMobAdapter.swift */,
				65AD7DC0295233CF00469668 /* BidMachineError.swift */,
				65AD7DC229523E2A00469668 /* BidMachineExtension.swift */,
				65AD7DBE2952199900469668 /* BidMachineAdProvider.swift */,
				65AD7DCF295341F000469668 /* AdStorage */,
				65AD7DD429538A1700469668 /* MediationSettings */,
				65AD7DB82952135500469668 /* MediationAdapter */,
				65AD7DB92952139E00469668 /* MediationAd */,
			);
			path = BidMachineAdMobAdapter;
			sourceTree = "<group>";
		};
		65AD7DB82952135500469668 /* MediationAdapter */ = {
			isa = PBXGroup;
			children = (
				65AD7DB62952132400469668 /* MediationAdapter.swift */,
			);
			name = MediationAdapter;
			sourceTree = "<group>";
		};
		65AD7DB92952139E00469668 /* MediationAd */ = {
			isa = PBXGroup;
			children = (
				65AD7DC429524A5300469668 /* BannerAd.swift */,
				65AD7DBA295213B600469668 /* InterstitialAd.swift */,
				65AD7DC629524E6000469668 /* RewardedAd.swift */,
				65AD7DCA2952542600469668 /* NativeAd */,
			);
			name = MediationAd;
			sourceTree = "<group>";
		};
		65AD7DCA2952542600469668 /* NativeAd */ = {
			isa = PBXGroup;
			children = (
				65AD7DC82952511F00469668 /* NativeAd.swift */,
				65AD7DCB2952543A00469668 /* NativeAdRendering.swift */,
			);
			name = NativeAd;
			sourceTree = "<group>";
		};
		65AD7DCF295341F000469668 /* AdStorage */ = {
			isa = PBXGroup;
			children = (
				65AD7DD02953420400469668 /* AdStorageService.swift */,
				65AD7DD2295343BF00469668 /* AdStorageItem.swift */,
			);
			name = AdStorage;
			sourceTree = "<group>";
		};
		65AD7DD429538A1700469668 /* MediationSettings */ = {
			isa = PBXGroup;
			children = (
				65AD7DD529538A5500469668 /* MediationSettings.swift */,
			);
			name = MediationSettings;
			sourceTree = "<group>";
		};
		F75E284EBEA7EADCF704735F /* Pods */ = {
			isa = PBXGroup;
			children = (
				4F1AED9889CB84B56EECCD22 /* Pods-BidMachineAdMobAdapter.debug.xcconfig */,
				78A64ADCC4E021ADE519F22D /* Pods-BidMachineAdMobAdapter.release.xcconfig */,
			);
			name = Pods;
			path = ../Pods;
			sourceTree = "<group>";
		};
/* End PBXGroup section */

/* Begin PBXHeadersBuildPhase section */
		65AD7DA32951F14200469668 /* Headers */ = {
			isa = PBXHeadersBuildPhase;
			buildActionMask = 2147483647;
			files = (
				65AD7DAC2951F14200469668 /* BidMachineAdMobAdapter.h in Headers */,
			);
			runOnlyForDeploymentPostprocessing = 0;
		};
/* End PBXHeadersBuildPhase section */

/* Begin PBXNativeTarget section */
		65AD7DA72951F14200469668 /* BidMachineAdMobAdapter */ = {
			isa = PBXNativeTarget;
			buildConfigurationList = 65AD7DAF2951F14200469668 /* Build configuration list for PBXNativeTarget "BidMachineAdMobAdapter" */;
			buildPhases = (
				27D2B5C086BEB37462E2D27B /* [CP] Check Pods Manifest.lock */,
				65AD7DA32951F14200469668 /* Headers */,
				65AD7DA42951F14200469668 /* Sources */,
				65AD7DA52951F14200469668 /* Frameworks */,
				65AD7DA62951F14200469668 /* Resources */,
				C0BEBAEF5745DA8719A0EB2F /* [CP] Copy Pods Resources */,
			);
			buildRules = (
			);
			dependencies = (
			);
			name = BidMachineAdMobAdapter;
			productName = BidMachineAdMobAdapter;
			productReference = 65AD7DA82951F14200469668 /* BidMachineAdMobAdapter.framework */;
			productType = "com.apple.product-type.framework";
		};
/* End PBXNativeTarget section */

/* Begin PBXProject section */
		65AD7D9F2951F14200469668 /* Project object */ = {
			isa = PBXProject;
			attributes = {
				BuildIndependentTargetsInParallel = 1;
				LastUpgradeCheck = 1330;
				TargetAttributes = {
					65AD7DA72951F14200469668 = {
						CreatedOnToolsVersion = 13.3;
						LastSwiftMigration = 1330;
					};
				};
			};
			buildConfigurationList = 65AD7DA22951F14200469668 /* Build configuration list for PBXProject "BidMachineAdMobAdapter" */;
			compatibilityVersion = "Xcode 13.0";
			developmentRegion = en;
			hasScannedForEncodings = 0;
			knownRegions = (
				en,
				Base,
			);
			mainGroup = 65AD7D9E2951F14200469668;
			productRefGroup = 65AD7DA92951F14200469668 /* Products */;
			projectDirPath = "";
			projectRoot = "";
			targets = (
				65AD7DA72951F14200469668 /* BidMachineAdMobAdapter */,
			);
		};
/* End PBXProject section */

/* Begin PBXResourcesBuildPhase section */
		65AD7DA62951F14200469668 /* Resources */ = {
			isa = PBXResourcesBuildPhase;
			buildActionMask = 2147483647;
			files = (
			);
			runOnlyForDeploymentPostprocessing = 0;
		};
/* End PBXResourcesBuildPhase section */

/* Begin PBXShellScriptBuildPhase section */
		27D2B5C086BEB37462E2D27B /* [CP] Check Pods Manifest.lock */ = {
			isa = PBXShellScriptBuildPhase;
			buildActionMask = 2147483647;
			files = (
			);
			inputFileListPaths = (
			);
			inputPaths = (
				"${PODS_PODFILE_DIR_PATH}/Podfile.lock",
				"${PODS_ROOT}/Manifest.lock",
			);
			name = "[CP] Check Pods Manifest.lock";
			outputFileListPaths = (
			);
			outputPaths = (
				"$(DERIVED_FILE_DIR)/Pods-BidMachineAdMobAdapter-checkManifestLockResult.txt",
			);
			runOnlyForDeploymentPostprocessing = 0;
			shellPath = /bin/sh;
			shellScript = "diff \"${PODS_PODFILE_DIR_PATH}/Podfile.lock\" \"${PODS_ROOT}/Manifest.lock\" > /dev/null\nif [ $? != 0 ] ; then\n    # print error to STDERR\n    echo \"error: The sandbox is not in sync with the Podfile.lock. Run 'pod install' or update your CocoaPods installation.\" >&2\n    exit 1\nfi\n# This output is used by Xcode 'outputs' to avoid re-running this script phase.\necho \"SUCCESS\" > \"${SCRIPT_OUTPUT_FILE_0}\"\n";
			showEnvVarsInLog = 0;
		};
		C0BEBAEF5745DA8719A0EB2F /* [CP] Copy Pods Resources */ = {
			isa = PBXShellScriptBuildPhase;
			buildActionMask = 2147483647;
			files = (
			);
			inputFileListPaths = (
				"${PODS_ROOT}/Target Support Files/Pods-BidMachineAdMobAdapter/Pods-BidMachineAdMobAdapter-resources-${CONFIGURATION}-input-files.xcfilelist",
			);
			name = "[CP] Copy Pods Resources";
			outputFileListPaths = (
				"${PODS_ROOT}/Target Support Files/Pods-BidMachineAdMobAdapter/Pods-BidMachineAdMobAdapter-resources-${CONFIGURATION}-output-files.xcfilelist",
			);
			runOnlyForDeploymentPostprocessing = 0;
			shellPath = /bin/sh;
			shellScript = "\"${PODS_ROOT}/Target Support Files/Pods-BidMachineAdMobAdapter/Pods-BidMachineAdMobAdapter-resources.sh\"\n";
			showEnvVarsInLog = 0;
		};
/* End PBXShellScriptBuildPhase section */

/* Begin PBXSourcesBuildPhase section */
		65AD7DA42951F14200469668 /* Sources */ = {
			isa = PBXSourcesBuildPhase;
			buildActionMask = 2147483647;
			files = (
				65AD7DC329523E2A00469668 /* BidMachineExtension.swift in Sources */,
				65AD7DCE295341AF00469668 /* BidMachineAdMobAdapter.swift in Sources */,
				65AD7DD12953420400469668 /* AdStorageService.swift in Sources */,
				65AD7DBF2952199900469668 /* BidMachineAdProvider.swift in Sources */,
				65AD7DBB295213B600469668 /* InterstitialAd.swift in Sources */,
				65AD7DB72952132400469668 /* MediationAdapter.swift in Sources */,
				65AD7DCC2952543A00469668 /* NativeAdRendering.swift in Sources */,
				65AD7DC529524A5300469668 /* BannerAd.swift in Sources */,
				65AD7DC92952511F00469668 /* NativeAd.swift in Sources */,
				65AD7DC1295233CF00469668 /* BidMachineError.swift in Sources */,
				65AD7DC729524E6000469668 /* RewardedAd.swift in Sources */,
				65AD7DD629538A5500469668 /* MediationSettings.swift in Sources */,
				65AD7DD3295343BF00469668 /* AdStorageItem.swift in Sources */,
			);
			runOnlyForDeploymentPostprocessing = 0;
		};
/* End PBXSourcesBuildPhase section */

/* Begin XCBuildConfiguration section */
		65AD7DAD2951F14200469668 /* Debug */ = {
			isa = XCBuildConfiguration;
			buildSettings = {
				ALWAYS_SEARCH_USER_PATHS = NO;
				CLANG_ANALYZER_NONNULL = YES;
				CLANG_ANALYZER_NUMBER_OBJECT_CONVERSION = YES_AGGRESSIVE;
				CLANG_CXX_LANGUAGE_STANDARD = "gnu++17";
				CLANG_ENABLE_MODULES = YES;
				CLANG_ENABLE_OBJC_ARC = YES;
				CLANG_ENABLE_OBJC_WEAK = YES;
				CLANG_WARN_BLOCK_CAPTURE_AUTORELEASING = YES;
				CLANG_WARN_BOOL_CONVERSION = YES;
				CLANG_WARN_COMMA = YES;
				CLANG_WARN_CONSTANT_CONVERSION = YES;
				CLANG_WARN_DEPRECATED_OBJC_IMPLEMENTATIONS = YES;
				CLANG_WARN_DIRECT_OBJC_ISA_USAGE = YES_ERROR;
				CLANG_WARN_DOCUMENTATION_COMMENTS = YES;
				CLANG_WARN_EMPTY_BODY = YES;
				CLANG_WARN_ENUM_CONVERSION = YES;
				CLANG_WARN_INFINITE_RECURSION = YES;
				CLANG_WARN_INT_CONVERSION = YES;
				CLANG_WARN_NON_LITERAL_NULL_CONVERSION = YES;
				CLANG_WARN_OBJC_IMPLICIT_RETAIN_SELF = YES;
				CLANG_WARN_OBJC_LITERAL_CONVERSION = YES;
				CLANG_WARN_OBJC_ROOT_CLASS = YES_ERROR;
				CLANG_WARN_QUOTED_INCLUDE_IN_FRAMEWORK_HEADER = YES;
				CLANG_WARN_RANGE_LOOP_ANALYSIS = YES;
				CLANG_WARN_STRICT_PROTOTYPES = YES;
				CLANG_WARN_SUSPICIOUS_MOVE = YES;
				CLANG_WARN_UNGUARDED_AVAILABILITY = YES_AGGRESSIVE;
				CLANG_WARN_UNREACHABLE_CODE = YES;
				CLANG_WARN__DUPLICATE_METHOD_MATCH = YES;
				COPY_PHASE_STRIP = NO;
				CURRENT_PROJECT_VERSION = 1;
				DEBUG_INFORMATION_FORMAT = dwarf;
				ENABLE_STRICT_OBJC_MSGSEND = YES;
				ENABLE_TESTABILITY = YES;
				GCC_C_LANGUAGE_STANDARD = gnu11;
				GCC_DYNAMIC_NO_PIC = NO;
				GCC_NO_COMMON_BLOCKS = YES;
				GCC_OPTIMIZATION_LEVEL = 0;
				GCC_PREPROCESSOR_DEFINITIONS = (
					"DEBUG=1",
					"$(inherited)",
				);
				GCC_WARN_64_TO_32_BIT_CONVERSION = YES;
				GCC_WARN_ABOUT_RETURN_TYPE = YES_ERROR;
				GCC_WARN_UNDECLARED_SELECTOR = YES;
				GCC_WARN_UNINITIALIZED_AUTOS = YES_AGGRESSIVE;
				GCC_WARN_UNUSED_FUNCTION = YES;
				GCC_WARN_UNUSED_VARIABLE = YES;
				IPHONEOS_DEPLOYMENT_TARGET = 12.0;
				MTL_ENABLE_DEBUG_INFO = INCLUDE_SOURCE;
				MTL_FAST_MATH = YES;
				ONLY_ACTIVE_ARCH = YES;
				SDKROOT = iphoneos;
				SWIFT_ACTIVE_COMPILATION_CONDITIONS = DEBUG;
				SWIFT_OPTIMIZATION_LEVEL = "-Onone";
				VERSIONING_SYSTEM = "apple-generic";
				VERSION_INFO_PREFIX = "";
			};
			name = Debug;
		};
		65AD7DAE2951F14200469668 /* Release */ = {
			isa = XCBuildConfiguration;
			buildSettings = {
				ALWAYS_SEARCH_USER_PATHS = NO;
				CLANG_ANALYZER_NONNULL = YES;
				CLANG_ANALYZER_NUMBER_OBJECT_CONVERSION = YES_AGGRESSIVE;
				CLANG_CXX_LANGUAGE_STANDARD = "gnu++17";
				CLANG_ENABLE_MODULES = YES;
				CLANG_ENABLE_OBJC_ARC = YES;
				CLANG_ENABLE_OBJC_WEAK = YES;
				CLANG_WARN_BLOCK_CAPTURE_AUTORELEASING = YES;
				CLANG_WARN_BOOL_CONVERSION = YES;
				CLANG_WARN_COMMA = YES;
				CLANG_WARN_CONSTANT_CONVERSION = YES;
				CLANG_WARN_DEPRECATED_OBJC_IMPLEMENTATIONS = YES;
				CLANG_WARN_DIRECT_OBJC_ISA_USAGE = YES_ERROR;
				CLANG_WARN_DOCUMENTATION_COMMENTS = YES;
				CLANG_WARN_EMPTY_BODY = YES;
				CLANG_WARN_ENUM_CONVERSION = YES;
				CLANG_WARN_INFINITE_RECURSION = YES;
				CLANG_WARN_INT_CONVERSION = YES;
				CLANG_WARN_NON_LITERAL_NULL_CONVERSION = YES;
				CLANG_WARN_OBJC_IMPLICIT_RETAIN_SELF = YES;
				CLANG_WARN_OBJC_LITERAL_CONVERSION = YES;
				CLANG_WARN_OBJC_ROOT_CLASS = YES_ERROR;
				CLANG_WARN_QUOTED_INCLUDE_IN_FRAMEWORK_HEADER = YES;
				CLANG_WARN_RANGE_LOOP_ANALYSIS = YES;
				CLANG_WARN_STRICT_PROTOTYPES = YES;
				CLANG_WARN_SUSPICIOUS_MOVE = YES;
				CLANG_WARN_UNGUARDED_AVAILABILITY = YES_AGGRESSIVE;
				CLANG_WARN_UNREACHABLE_CODE = YES;
				CLANG_WARN__DUPLICATE_METHOD_MATCH = YES;
				COPY_PHASE_STRIP = NO;
				CURRENT_PROJECT_VERSION = 1;
				DEBUG_INFORMATION_FORMAT = "dwarf-with-dsym";
				ENABLE_NS_ASSERTIONS = NO;
				ENABLE_STRICT_OBJC_MSGSEND = YES;
				GCC_C_LANGUAGE_STANDARD = gnu11;
				GCC_NO_COMMON_BLOCKS = YES;
				GCC_WARN_64_TO_32_BIT_CONVERSION = YES;
				GCC_WARN_ABOUT_RETURN_TYPE = YES_ERROR;
				GCC_WARN_UNDECLARED_SELECTOR = YES;
				GCC_WARN_UNINITIALIZED_AUTOS = YES_AGGRESSIVE;
				GCC_WARN_UNUSED_FUNCTION = YES;
				GCC_WARN_UNUSED_VARIABLE = YES;
				IPHONEOS_DEPLOYMENT_TARGET = 12.0;
				MTL_ENABLE_DEBUG_INFO = NO;
				MTL_FAST_MATH = YES;
				SDKROOT = iphoneos;
				SWIFT_COMPILATION_MODE = wholemodule;
				SWIFT_OPTIMIZATION_LEVEL = "-O";
				VALIDATE_PRODUCT = YES;
				VERSIONING_SYSTEM = "apple-generic";
				VERSION_INFO_PREFIX = "";
			};
			name = Release;
		};
		65AD7DB02951F14200469668 /* Debug */ = {
			isa = XCBuildConfiguration;
			baseConfigurationReference = 4F1AED9889CB84B56EECCD22 /* Pods-BidMachineAdMobAdapter.debug.xcconfig */;
			buildSettings = {
				BUILD_LIBRARY_FOR_DISTRIBUTION = YES;
				CLANG_ENABLE_MODULES = YES;
				CODE_SIGN_STYLE = Automatic;
				CURRENT_PROJECT_VERSION = 1;
				DEFINES_MODULE = YES;
				DEVELOPMENT_TEAM = WG4VFF78ZM;
				DYLIB_COMPATIBILITY_VERSION = 1;
				DYLIB_CURRENT_VERSION = 1;
				DYLIB_INSTALL_NAME_BASE = "@rpath";
				GENERATE_INFOPLIST_FILE = YES;
				INFOPLIST_KEY_NSHumanReadableCopyright = "";
				INSTALL_PATH = "$(LOCAL_LIBRARY_DIR)/Frameworks";
				IPHONEOS_DEPLOYMENT_TARGET = 12.0;
				LD_RUNPATH_SEARCH_PATHS = (
					"$(inherited)",
					"@executable_path/Frameworks",
					"@loader_path/Frameworks",
				);
				MACH_O_TYPE = staticlib;
				MARKETING_VERSION = 1.0;
				PRODUCT_BUNDLE_IDENTIFIER = Bidmachine.BidMachineAdMobAdapter;
				PRODUCT_NAME = "$(TARGET_NAME:c99extidentifier)";
				SKIP_INSTALL = YES;
				SUPPORTS_MACCATALYST = NO;
				SWIFT_EMIT_LOC_STRINGS = YES;
				SWIFT_OPTIMIZATION_LEVEL = "-Onone";
				SWIFT_VERSION = 5.0;
				TARGETED_DEVICE_FAMILY = "1,2";
			};
			name = Debug;
		};
		65AD7DB12951F14200469668 /* Release */ = {
			isa = XCBuildConfiguration;
			baseConfigurationReference = 78A64ADCC4E021ADE519F22D /* Pods-BidMachineAdMobAdapter.release.xcconfig */;
			buildSettings = {
				BUILD_LIBRARY_FOR_DISTRIBUTION = YES;
				CLANG_ENABLE_MODULES = YES;
				CODE_SIGN_STYLE = Automatic;
				CURRENT_PROJECT_VERSION = 1;
				DEFINES_MODULE = YES;
				DEVELOPMENT_TEAM = WG4VFF78ZM;
				DYLIB_COMPATIBILITY_VERSION = 1;
				DYLIB_CURRENT_VERSION = 1;
				DYLIB_INSTALL_NAME_BASE = "@rpath";
				GENERATE_INFOPLIST_FILE = YES;
				INFOPLIST_KEY_NSHumanReadableCopyright = "";
				INSTALL_PATH = "$(LOCAL_LIBRARY_DIR)/Frameworks";
				IPHONEOS_DEPLOYMENT_TARGET = 12.0;
				LD_RUNPATH_SEARCH_PATHS = (
					"$(inherited)",
					"@executable_path/Frameworks",
					"@loader_path/Frameworks",
				);
				MACH_O_TYPE = staticlib;
				MARKETING_VERSION = 1.0;
				PRODUCT_BUNDLE_IDENTIFIER = Bidmachine.BidMachineAdMobAdapter;
				PRODUCT_NAME = "$(TARGET_NAME:c99extidentifier)";
				SKIP_INSTALL = YES;
				SUPPORTS_MACCATALYST = NO;
				SWIFT_EMIT_LOC_STRINGS = YES;
				SWIFT_VERSION = 5.0;
				TARGETED_DEVICE_FAMILY = "1,2";
			};
			name = Release;
		};
/* End XCBuildConfiguration section */

/* Begin XCConfigurationList section */
		65AD7DA22951F14200469668 /* Build configuration list for PBXProject "BidMachineAdMobAdapter" */ = {
			isa = XCConfigurationList;
			buildConfigurations = (
				65AD7DAD2951F14200469668 /* Debug */,
				65AD7DAE2951F14200469668 /* Release */,
			);
			defaultConfigurationIsVisible = 0;
			defaultConfigurationName = Release;
		};
		65AD7DAF2951F14200469668 /* Build configuration list for PBXNativeTarget "BidMachineAdMobAdapter" */ = {
			isa = XCConfigurationList;
			buildConfigurations = (
				65AD7DB02951F14200469668 /* Debug */,
				65AD7DB12951F14200469668 /* Release */,
			);
			defaultConfigurationIsVisible = 0;
			defaultConfigurationName = Release;
		};
/* End XCConfigurationList section */
	};
	rootObject = 65AD7D9F2951F14200469668 /* Project object */;
}
