// !$*UTF8*$!
{
	archiveVersion = 1;
	classes = {
	};
	objectVersion = 50;
	objects = {

/* Begin PBXBuildFile section */
		43AAFF1288CBB7384593ACAE /* libPods-BidMachineAdapter.a in Frameworks */ = {isa = PBXBuildFile; fileRef = EE23AE142768802690EC2630 /* libPods-BidMachineAdapter.a */; };
		AF1F086CF84CD32DECF3A9F0 /* libPods-AdMobBidMachineSample.a in Frameworks */ = {isa = PBXBuildFile; fileRef = ACE6847432E93E543FB66D85 /* libPods-AdMobBidMachineSample.a */; };
		D9129673228AA8D1002A8C51 /* AppDelegate.m in Sources */ = {isa = PBXBuildFile; fileRef = D9129672228AA8D1002A8C51 /* AppDelegate.m */; };
		D9129676228AA8D1002A8C51 /* ViewController.m in Sources */ = {isa = PBXBuildFile; fileRef = D9129675228AA8D1002A8C51 /* ViewController.m */; };
		D9129679228AA8D1002A8C51 /* Main.storyboard in Resources */ = {isa = PBXBuildFile; fileRef = D9129677228AA8D1002A8C51 /* Main.storyboard */; };
		D912967B228AA8D2002A8C51 /* Assets.xcassets in Resources */ = {isa = PBXBuildFile; fileRef = D912967A228AA8D2002A8C51 /* Assets.xcassets */; };
		D912967E228AA8D2002A8C51 /* LaunchScreen.storyboard in Resources */ = {isa = PBXBuildFile; fileRef = D912967C228AA8D2002A8C51 /* LaunchScreen.storyboard */; };
		D9129681228AA8D2002A8C51 /* main.m in Sources */ = {isa = PBXBuildFile; fileRef = D9129680228AA8D2002A8C51 /* main.m */; };
		D912968F228AAB01002A8C51 /* GADMAdapterBidMachine.m in Sources */ = {isa = PBXBuildFile; fileRef = D912968E228AAB01002A8C51 /* GADMAdapterBidMachine.m */; };
		D9129690228AAB01002A8C51 /* GADMAdapterBidMachine.h in CopyFiles */ = {isa = PBXBuildFile; fileRef = D912968D228AAB01002A8C51 /* GADMAdapterBidMachine.h */; };
		D9129696228AB5F1002A8C51 /* GADMediationAdapterBidMachine.m in Sources */ = {isa = PBXBuildFile; fileRef = D9129695228AB5F1002A8C51 /* GADMediationAdapterBidMachine.m */; };
		D9129699228ABE49002A8C51 /* GADMBidMachineBannerAd.m in Sources */ = {isa = PBXBuildFile; fileRef = D9129698228ABE49002A8C51 /* GADMBidMachineBannerAd.m */; };
		D912969C228ABFFD002A8C51 /* GADBidMachineUtils.m in Sources */ = {isa = PBXBuildFile; fileRef = D912969B228ABFFD002A8C51 /* GADBidMachineUtils.m */; };
/* End PBXBuildFile section */

/* Begin PBXCopyFilesBuildPhase section */
		D9129689228AAB01002A8C51 /* CopyFiles */ = {
			isa = PBXCopyFilesBuildPhase;
			buildActionMask = 2147483647;
			dstPath = "include/$(PRODUCT_NAME)";
			dstSubfolderSpec = 16;
			files = (
				D9129690228AAB01002A8C51 /* GADMAdapterBidMachine.h in CopyFiles */,
			);
			runOnlyForDeploymentPostprocessing = 0;
		};
/* End PBXCopyFilesBuildPhase section */

/* Begin PBXFileReference section */
		4BF3F9D80DCCECD043B40FB6 /* Pods-BidMachineAdapter.release.xcconfig */ = {isa = PBXFileReference; includeInIndex = 1; lastKnownFileType = text.xcconfig; name = "Pods-BidMachineAdapter.release.xcconfig"; path = "Target Support Files/Pods-BidMachineAdapter/Pods-BidMachineAdapter.release.xcconfig"; sourceTree = "<group>"; };
		60409323F36DE76172B558F6 /* Pods-AdMobBidMachineSample.release.xcconfig */ = {isa = PBXFileReference; includeInIndex = 1; lastKnownFileType = text.xcconfig; name = "Pods-AdMobBidMachineSample.release.xcconfig"; path = "Target Support Files/Pods-AdMobBidMachineSample/Pods-AdMobBidMachineSample.release.xcconfig"; sourceTree = "<group>"; };
		709BF3846C121BA356C7EB81 /* Pods-AdMobBidMachineSample.debug.xcconfig */ = {isa = PBXFileReference; includeInIndex = 1; lastKnownFileType = text.xcconfig; name = "Pods-AdMobBidMachineSample.debug.xcconfig"; path = "Target Support Files/Pods-AdMobBidMachineSample/Pods-AdMobBidMachineSample.debug.xcconfig"; sourceTree = "<group>"; };
		75C5E40DE3F0F148AD09434A /* Pods-BidMachineAdapter.debug.xcconfig */ = {isa = PBXFileReference; includeInIndex = 1; lastKnownFileType = text.xcconfig; name = "Pods-BidMachineAdapter.debug.xcconfig"; path = "Target Support Files/Pods-BidMachineAdapter/Pods-BidMachineAdapter.debug.xcconfig"; sourceTree = "<group>"; };
		ACE6847432E93E543FB66D85 /* libPods-AdMobBidMachineSample.a */ = {isa = PBXFileReference; explicitFileType = archive.ar; includeInIndex = 0; path = "libPods-AdMobBidMachineSample.a"; sourceTree = BUILT_PRODUCTS_DIR; };
		D912966E228AA8D1002A8C51 /* AdMobBidMachineSample.app */ = {isa = PBXFileReference; explicitFileType = wrapper.application; includeInIndex = 0; path = AdMobBidMachineSample.app; sourceTree = BUILT_PRODUCTS_DIR; };
		D9129671228AA8D1002A8C51 /* AppDelegate.h */ = {isa = PBXFileReference; lastKnownFileType = sourcecode.c.h; path = AppDelegate.h; sourceTree = "<group>"; };
		D9129672228AA8D1002A8C51 /* AppDelegate.m */ = {isa = PBXFileReference; lastKnownFileType = sourcecode.c.objc; path = AppDelegate.m; sourceTree = "<group>"; };
		D9129674228AA8D1002A8C51 /* ViewController.h */ = {isa = PBXFileReference; lastKnownFileType = sourcecode.c.h; path = ViewController.h; sourceTree = "<group>"; };
		D9129675228AA8D1002A8C51 /* ViewController.m */ = {isa = PBXFileReference; lastKnownFileType = sourcecode.c.objc; path = ViewController.m; sourceTree = "<group>"; };
		D9129678228AA8D1002A8C51 /* Base */ = {isa = PBXFileReference; lastKnownFileType = file.storyboard; name = Base; path = Base.lproj/Main.storyboard; sourceTree = "<group>"; };
		D912967A228AA8D2002A8C51 /* Assets.xcassets */ = {isa = PBXFileReference; lastKnownFileType = folder.assetcatalog; path = Assets.xcassets; sourceTree = "<group>"; };
		D912967D228AA8D2002A8C51 /* Base */ = {isa = PBXFileReference; lastKnownFileType = file.storyboard; name = Base; path = Base.lproj/LaunchScreen.storyboard; sourceTree = "<group>"; };
		D912967F228AA8D2002A8C51 /* Info.plist */ = {isa = PBXFileReference; lastKnownFileType = text.plist.xml; path = Info.plist; sourceTree = "<group>"; };
		D9129680228AA8D2002A8C51 /* main.m */ = {isa = PBXFileReference; lastKnownFileType = sourcecode.c.objc; path = main.m; sourceTree = "<group>"; };
		D912968B228AAB01002A8C51 /* libBidMachineAdapter.a */ = {isa = PBXFileReference; explicitFileType = archive.ar; includeInIndex = 0; path = libBidMachineAdapter.a; sourceTree = BUILT_PRODUCTS_DIR; };
		D912968D228AAB01002A8C51 /* GADMAdapterBidMachine.h */ = {isa = PBXFileReference; lastKnownFileType = sourcecode.c.h; path = GADMAdapterBidMachine.h; sourceTree = "<group>"; };
		D912968E228AAB01002A8C51 /* GADMAdapterBidMachine.m */ = {isa = PBXFileReference; lastKnownFileType = sourcecode.c.objc; path = GADMAdapterBidMachine.m; sourceTree = "<group>"; };
		D9129694228AB5F1002A8C51 /* GADMediationAdapterBidMachine.h */ = {isa = PBXFileReference; lastKnownFileType = sourcecode.c.h; path = GADMediationAdapterBidMachine.h; sourceTree = "<group>"; };
		D9129695228AB5F1002A8C51 /* GADMediationAdapterBidMachine.m */ = {isa = PBXFileReference; lastKnownFileType = sourcecode.c.objc; path = GADMediationAdapterBidMachine.m; sourceTree = "<group>"; };
		D9129697228ABE49002A8C51 /* GADMBidMachineBannerAd.h */ = {isa = PBXFileReference; lastKnownFileType = sourcecode.c.h; path = GADMBidMachineBannerAd.h; sourceTree = "<group>"; };
		D9129698228ABE49002A8C51 /* GADMBidMachineBannerAd.m */ = {isa = PBXFileReference; lastKnownFileType = sourcecode.c.objc; path = GADMBidMachineBannerAd.m; sourceTree = "<group>"; };
		D912969A228ABFFD002A8C51 /* GADBidMachineUtils.h */ = {isa = PBXFileReference; lastKnownFileType = sourcecode.c.h; path = GADBidMachineUtils.h; sourceTree = "<group>"; };
		D912969B228ABFFD002A8C51 /* GADBidMachineUtils.m */ = {isa = PBXFileReference; lastKnownFileType = sourcecode.c.objc; path = GADBidMachineUtils.m; sourceTree = "<group>"; };
		EE23AE142768802690EC2630 /* libPods-BidMachineAdapter.a */ = {isa = PBXFileReference; explicitFileType = archive.ar; includeInIndex = 0; path = "libPods-BidMachineAdapter.a"; sourceTree = BUILT_PRODUCTS_DIR; };
/* End PBXFileReference section */

/* Begin PBXFrameworksBuildPhase section */
		D912966B228AA8D1002A8C51 /* Frameworks */ = {
			isa = PBXFrameworksBuildPhase;
			buildActionMask = 2147483647;
			files = (
				AF1F086CF84CD32DECF3A9F0 /* libPods-AdMobBidMachineSample.a in Frameworks */,
			);
			runOnlyForDeploymentPostprocessing = 0;
		};
		D9129688228AAB01002A8C51 /* Frameworks */ = {
			isa = PBXFrameworksBuildPhase;
			buildActionMask = 2147483647;
			files = (
				43AAFF1288CBB7384593ACAE /* libPods-BidMachineAdapter.a in Frameworks */,
			);
			runOnlyForDeploymentPostprocessing = 0;
		};
/* End PBXFrameworksBuildPhase section */

/* Begin PBXGroup section */
		D58118BF3C2C1EA19BABCEEF /* Pods */ = {
			isa = PBXGroup;
			children = (
				709BF3846C121BA356C7EB81 /* Pods-AdMobBidMachineSample.debug.xcconfig */,
				60409323F36DE76172B558F6 /* Pods-AdMobBidMachineSample.release.xcconfig */,
				75C5E40DE3F0F148AD09434A /* Pods-BidMachineAdapter.debug.xcconfig */,
				4BF3F9D80DCCECD043B40FB6 /* Pods-BidMachineAdapter.release.xcconfig */,
			);
			path = Pods;
			sourceTree = "<group>";
		};
		D9129665228AA8D1002A8C51 = {
			isa = PBXGroup;
			children = (
				D9129670228AA8D1002A8C51 /* AdMobBidMachineSample */,
				D912968C228AAB01002A8C51 /* BidMachineAdapter */,
				D912966F228AA8D1002A8C51 /* Products */,
				D58118BF3C2C1EA19BABCEEF /* Pods */,
				FD3F1480F05461479993D4B1 /* Frameworks */,
			);
			sourceTree = "<group>";
		};
		D912966F228AA8D1002A8C51 /* Products */ = {
			isa = PBXGroup;
			children = (
				D912966E228AA8D1002A8C51 /* AdMobBidMachineSample.app */,
				D912968B228AAB01002A8C51 /* libBidMachineAdapter.a */,
			);
			name = Products;
			sourceTree = "<group>";
		};
		D9129670228AA8D1002A8C51 /* AdMobBidMachineSample */ = {
			isa = PBXGroup;
			children = (
				D9129671228AA8D1002A8C51 /* AppDelegate.h */,
				D9129672228AA8D1002A8C51 /* AppDelegate.m */,
				D9129674228AA8D1002A8C51 /* ViewController.h */,
				D9129675228AA8D1002A8C51 /* ViewController.m */,
				D9129677228AA8D1002A8C51 /* Main.storyboard */,
				D912967A228AA8D2002A8C51 /* Assets.xcassets */,
				D912967C228AA8D2002A8C51 /* LaunchScreen.storyboard */,
				D912967F228AA8D2002A8C51 /* Info.plist */,
				D9129680228AA8D2002A8C51 /* main.m */,
			);
			path = AdMobBidMachineSample;
			sourceTree = "<group>";
		};
		D912968C228AAB01002A8C51 /* BidMachineAdapter */ = {
			isa = PBXGroup;
			children = (
				D912968D228AAB01002A8C51 /* GADMAdapterBidMachine.h */,
				D912968E228AAB01002A8C51 /* GADMAdapterBidMachine.m */,
				D9129697228ABE49002A8C51 /* GADMBidMachineBannerAd.h */,
				D9129698228ABE49002A8C51 /* GADMBidMachineBannerAd.m */,
				D9129694228AB5F1002A8C51 /* GADMediationAdapterBidMachine.h */,
				D9129695228AB5F1002A8C51 /* GADMediationAdapterBidMachine.m */,
				D912969A228ABFFD002A8C51 /* GADBidMachineUtils.h */,
				D912969B228ABFFD002A8C51 /* GADBidMachineUtils.m */,
			);
			path = BidMachineAdapter;
			sourceTree = "<group>";
		};
		FD3F1480F05461479993D4B1 /* Frameworks */ = {
			isa = PBXGroup;
			children = (
				ACE6847432E93E543FB66D85 /* libPods-AdMobBidMachineSample.a */,
				EE23AE142768802690EC2630 /* libPods-BidMachineAdapter.a */,
			);
			name = Frameworks;
			sourceTree = "<group>";
		};
/* End PBXGroup section */

/* Begin PBXNativeTarget section */
		D912966D228AA8D1002A8C51 /* AdMobBidMachineSample */ = {
			isa = PBXNativeTarget;
			buildConfigurationList = D9129684228AA8D2002A8C51 /* Build configuration list for PBXNativeTarget "AdMobBidMachineSample" */;
			buildPhases = (
				1935349675C364A4F0FBA4DE /* [CP] Check Pods Manifest.lock */,
				D912966A228AA8D1002A8C51 /* Sources */,
				D912966B228AA8D1002A8C51 /* Frameworks */,
				D912966C228AA8D1002A8C51 /* Resources */,
			);
			buildRules = (
			);
			dependencies = (
			);
			name = AdMobBidMachineSample;
			productName = AdMobBidMachineSample;
			productReference = D912966E228AA8D1002A8C51 /* AdMobBidMachineSample.app */;
			productType = "com.apple.product-type.application";
		};
		D912968A228AAB01002A8C51 /* BidMachineAdapter */ = {
			isa = PBXNativeTarget;
			buildConfigurationList = D9129693228AAB01002A8C51 /* Build configuration list for PBXNativeTarget "BidMachineAdapter" */;
			buildPhases = (
				4D55D3867F4C90D6F09F6A60 /* [CP] Check Pods Manifest.lock */,
				D9129687228AAB01002A8C51 /* Sources */,
				D9129688228AAB01002A8C51 /* Frameworks */,
				D9129689228AAB01002A8C51 /* CopyFiles */,
			);
			buildRules = (
			);
			dependencies = (
			);
			name = BidMachineAdapter;
			productName = BidMachineAdapter;
			productReference = D912968B228AAB01002A8C51 /* libBidMachineAdapter.a */;
			productType = "com.apple.product-type.library.static";
		};
/* End PBXNativeTarget section */

/* Begin PBXProject section */
		D9129666228AA8D1002A8C51 /* Project object */ = {
			isa = PBXProject;
			attributes = {
				LastUpgradeCheck = 1020;
				ORGANIZATIONNAME = bidmachine;
				TargetAttributes = {
					D912966D228AA8D1002A8C51 = {
						CreatedOnToolsVersion = 10.2.1;
					};
					D912968A228AAB01002A8C51 = {
						CreatedOnToolsVersion = 10.2.1;
					};
				};
			};
			buildConfigurationList = D9129669228AA8D1002A8C51 /* Build configuration list for PBXProject "AdMobBidMachineSample" */;
			compatibilityVersion = "Xcode 9.3";
			developmentRegion = en;
			hasScannedForEncodings = 0;
			knownRegions = (
				en,
				Base,
			);
			mainGroup = D9129665228AA8D1002A8C51;
			productRefGroup = D912966F228AA8D1002A8C51 /* Products */;
			projectDirPath = "";
			projectRoot = "";
			targets = (
				D912966D228AA8D1002A8C51 /* AdMobBidMachineSample */,
				D912968A228AAB01002A8C51 /* BidMachineAdapter */,
			);
		};
/* End PBXProject section */

/* Begin PBXResourcesBuildPhase section */
		D912966C228AA8D1002A8C51 /* Resources */ = {
			isa = PBXResourcesBuildPhase;
			buildActionMask = 2147483647;
			files = (
				D912967E228AA8D2002A8C51 /* LaunchScreen.storyboard in Resources */,
				D912967B228AA8D2002A8C51 /* Assets.xcassets in Resources */,
				D9129679228AA8D1002A8C51 /* Main.storyboard in Resources */,
			);
			runOnlyForDeploymentPostprocessing = 0;
		};
/* End PBXResourcesBuildPhase section */

/* Begin PBXShellScriptBuildPhase section */
		1935349675C364A4F0FBA4DE /* [CP] Check Pods Manifest.lock */ = {
			isa = PBXShellScriptBuildPhase;
			buildActionMask = 2147483647;
			files = (
			);
			inputFileListPaths = (
			);
			inputPaths = (
				"${PODS_PODFILE_DIR_PATH}/Podfile.lock",
				"${PODS_ROOT}/Manifest.lock",
			);
			name = "[CP] Check Pods Manifest.lock";
			outputFileListPaths = (
			);
			outputPaths = (
				"$(DERIVED_FILE_DIR)/Pods-AdMobBidMachineSample-checkManifestLockResult.txt",
			);
			runOnlyForDeploymentPostprocessing = 0;
			shellPath = /bin/sh;
			shellScript = "diff \"${PODS_PODFILE_DIR_PATH}/Podfile.lock\" \"${PODS_ROOT}/Manifest.lock\" > /dev/null\nif [ $? != 0 ] ; then\n    # print error to STDERR\n    echo \"error: The sandbox is not in sync with the Podfile.lock. Run 'pod install' or update your CocoaPods installation.\" >&2\n    exit 1\nfi\n# This output is used by Xcode 'outputs' to avoid re-running this script phase.\necho \"SUCCESS\" > \"${SCRIPT_OUTPUT_FILE_0}\"\n";
			showEnvVarsInLog = 0;
		};
		4D55D3867F4C90D6F09F6A60 /* [CP] Check Pods Manifest.lock */ = {
			isa = PBXShellScriptBuildPhase;
			buildActionMask = 2147483647;
			files = (
			);
			inputFileListPaths = (
			);
			inputPaths = (
				"${PODS_PODFILE_DIR_PATH}/Podfile.lock",
				"${PODS_ROOT}/Manifest.lock",
			);
			name = "[CP] Check Pods Manifest.lock";
			outputFileListPaths = (
			);
			outputPaths = (
				"$(DERIVED_FILE_DIR)/Pods-BidMachineAdapter-checkManifestLockResult.txt",
			);
			runOnlyForDeploymentPostprocessing = 0;
			shellPath = /bin/sh;
			shellScript = "diff \"${PODS_PODFILE_DIR_PATH}/Podfile.lock\" \"${PODS_ROOT}/Manifest.lock\" > /dev/null\nif [ $? != 0 ] ; then\n    # print error to STDERR\n    echo \"error: The sandbox is not in sync with the Podfile.lock. Run 'pod install' or update your CocoaPods installation.\" >&2\n    exit 1\nfi\n# This output is used by Xcode 'outputs' to avoid re-running this script phase.\necho \"SUCCESS\" > \"${SCRIPT_OUTPUT_FILE_0}\"\n";
			showEnvVarsInLog = 0;
		};
/* End PBXShellScriptBuildPhase section */

/* Begin PBXSourcesBuildPhase section */
		D912966A228AA8D1002A8C51 /* Sources */ = {
			isa = PBXSourcesBuildPhase;
			buildActionMask = 2147483647;
			files = (
				D9129676228AA8D1002A8C51 /* ViewController.m in Sources */,
				D9129681228AA8D2002A8C51 /* main.m in Sources */,
				D9129673228AA8D1002A8C51 /* AppDelegate.m in Sources */,
			);
			runOnlyForDeploymentPostprocessing = 0;
		};
		D9129687228AAB01002A8C51 /* Sources */ = {
			isa = PBXSourcesBuildPhase;
			buildActionMask = 2147483647;
			files = (
				D912969C228ABFFD002A8C51 /* GADBidMachineUtils.m in Sources */,
				D912968F228AAB01002A8C51 /* GADMAdapterBidMachine.m in Sources */,
				D9129699228ABE49002A8C51 /* GADMBidMachineBannerAd.m in Sources */,
				D9129696228AB5F1002A8C51 /* GADMediationAdapterBidMachine.m in Sources */,
			);
			runOnlyForDeploymentPostprocessing = 0;
		};
/* End PBXSourcesBuildPhase section */

/* Begin PBXVariantGroup section */
		D9129677228AA8D1002A8C51 /* Main.storyboard */ = {
			isa = PBXVariantGroup;
			children = (
				D9129678228AA8D1002A8C51 /* Base */,
			);
			name = Main.storyboard;
			sourceTree = "<group>";
		};
		D912967C228AA8D2002A8C51 /* LaunchScreen.storyboard */ = {
			isa = PBXVariantGroup;
			children = (
				D912967D228AA8D2002A8C51 /* Base */,
			);
			name = LaunchScreen.storyboard;
			sourceTree = "<group>";
		};
/* End PBXVariantGroup section */

/* Begin XCBuildConfiguration section */
		D9129682228AA8D2002A8C51 /* Debug */ = {
			isa = XCBuildConfiguration;
			buildSettings = {
				ALWAYS_SEARCH_USER_PATHS = NO;
				CLANG_ANALYZER_NONNULL = YES;
				CLANG_ANALYZER_NUMBER_OBJECT_CONVERSION = YES_AGGRESSIVE;
				CLANG_CXX_LANGUAGE_STANDARD = "gnu++14";
				CLANG_CXX_LIBRARY = "libc++";
				CLANG_ENABLE_MODULES = YES;
				CLANG_ENABLE_OBJC_ARC = YES;
				CLANG_ENABLE_OBJC_WEAK = YES;
				CLANG_WARN_BLOCK_CAPTURE_AUTORELEASING = YES;
				CLANG_WARN_BOOL_CONVERSION = YES;
				CLANG_WARN_COMMA = YES;
				CLANG_WARN_CONSTANT_CONVERSION = YES;
				CLANG_WARN_DEPRECATED_OBJC_IMPLEMENTATIONS = YES;
				CLANG_WARN_DIRECT_OBJC_ISA_USAGE = YES_ERROR;
				CLANG_WARN_DOCUMENTATION_COMMENTS = YES;
				CLANG_WARN_EMPTY_BODY = YES;
				CLANG_WARN_ENUM_CONVERSION = YES;
				CLANG_WARN_INFINITE_RECURSION = YES;
				CLANG_WARN_INT_CONVERSION = YES;
				CLANG_WARN_NON_LITERAL_NULL_CONVERSION = YES;
				CLANG_WARN_OBJC_IMPLICIT_RETAIN_SELF = YES;
				CLANG_WARN_OBJC_LITERAL_CONVERSION = YES;
				CLANG_WARN_OBJC_ROOT_CLASS = YES_ERROR;
				CLANG_WARN_RANGE_LOOP_ANALYSIS = YES;
				CLANG_WARN_STRICT_PROTOTYPES = YES;
				CLANG_WARN_SUSPICIOUS_MOVE = YES;
				CLANG_WARN_UNGUARDED_AVAILABILITY = YES_AGGRESSIVE;
				CLANG_WARN_UNREACHABLE_CODE = YES;
				CLANG_WARN__DUPLICATE_METHOD_MATCH = YES;
				CODE_SIGN_IDENTITY = "iPhone Developer";
				COPY_PHASE_STRIP = NO;
				DEBUG_INFORMATION_FORMAT = dwarf;
				ENABLE_STRICT_OBJC_MSGSEND = YES;
				ENABLE_TESTABILITY = YES;
				GCC_C_LANGUAGE_STANDARD = gnu11;
				GCC_DYNAMIC_NO_PIC = NO;
				GCC_NO_COMMON_BLOCKS = YES;
				GCC_OPTIMIZATION_LEVEL = 0;
				GCC_PREPROCESSOR_DEFINITIONS = (
					"DEBUG=1",
					"$(inherited)",
				);
				GCC_WARN_64_TO_32_BIT_CONVERSION = YES;
				GCC_WARN_ABOUT_RETURN_TYPE = YES_ERROR;
				GCC_WARN_UNDECLARED_SELECTOR = YES;
				GCC_WARN_UNINITIALIZED_AUTOS = YES_AGGRESSIVE;
				GCC_WARN_UNUSED_FUNCTION = YES;
				GCC_WARN_UNUSED_VARIABLE = YES;
				IPHONEOS_DEPLOYMENT_TARGET = 12.2;
				MTL_ENABLE_DEBUG_INFO = INCLUDE_SOURCE;
				MTL_FAST_MATH = YES;
				ONLY_ACTIVE_ARCH = YES;
				SDKROOT = iphoneos;
			};
			name = Debug;
		};
		D9129683228AA8D2002A8C51 /* Release */ = {
			isa = XCBuildConfiguration;
			buildSettings = {
				ALWAYS_SEARCH_USER_PATHS = NO;
				CLANG_ANALYZER_NONNULL = YES;
				CLANG_ANALYZER_NUMBER_OBJECT_CONVERSION = YES_AGGRESSIVE;
				CLANG_CXX_LANGUAGE_STANDARD = "gnu++14";
				CLANG_CXX_LIBRARY = "libc++";
				CLANG_ENABLE_MODULES = YES;
				CLANG_ENABLE_OBJC_ARC = YES;
				CLANG_ENABLE_OBJC_WEAK = YES;
				CLANG_WARN_BLOCK_CAPTURE_AUTORELEASING = YES;
				CLANG_WARN_BOOL_CONVERSION = YES;
				CLANG_WARN_COMMA = YES;
				CLANG_WARN_CONSTANT_CONVERSION = YES;
				CLANG_WARN_DEPRECATED_OBJC_IMPLEMENTATIONS = YES;
				CLANG_WARN_DIRECT_OBJC_ISA_USAGE = YES_ERROR;
				CLANG_WARN_DOCUMENTATION_COMMENTS = YES;
				CLANG_WARN_EMPTY_BODY = YES;
				CLANG_WARN_ENUM_CONVERSION = YES;
				CLANG_WARN_INFINITE_RECURSION = YES;
				CLANG_WARN_INT_CONVERSION = YES;
				CLANG_WARN_NON_LITERAL_NULL_CONVERSION = YES;
				CLANG_WARN_OBJC_IMPLICIT_RETAIN_SELF = YES;
				CLANG_WARN_OBJC_LITERAL_CONVERSION = YES;
				CLANG_WARN_OBJC_ROOT_CLASS = YES_ERROR;
				CLANG_WARN_RANGE_LOOP_ANALYSIS = YES;
				CLANG_WARN_STRICT_PROTOTYPES = YES;
				CLANG_WARN_SUSPICIOUS_MOVE = YES;
				CLANG_WARN_UNGUARDED_AVAILABILITY = YES_AGGRESSIVE;
				CLANG_WARN_UNREACHABLE_CODE = YES;
				CLANG_WARN__DUPLICATE_METHOD_MATCH = YES;
				CODE_SIGN_IDENTITY = "iPhone Developer";
				COPY_PHASE_STRIP = NO;
				DEBUG_INFORMATION_FORMAT = "dwarf-with-dsym";
				ENABLE_NS_ASSERTIONS = NO;
				ENABLE_STRICT_OBJC_MSGSEND = YES;
				GCC_C_LANGUAGE_STANDARD = gnu11;
				GCC_NO_COMMON_BLOCKS = YES;
				GCC_WARN_64_TO_32_BIT_CONVERSION = YES;
				GCC_WARN_ABOUT_RETURN_TYPE = YES_ERROR;
				GCC_WARN_UNDECLARED_SELECTOR = YES;
				GCC_WARN_UNINITIALIZED_AUTOS = YES_AGGRESSIVE;
				GCC_WARN_UNUSED_FUNCTION = YES;
				GCC_WARN_UNUSED_VARIABLE = YES;
				IPHONEOS_DEPLOYMENT_TARGET = 12.2;
				MTL_ENABLE_DEBUG_INFO = NO;
				MTL_FAST_MATH = YES;
				SDKROOT = iphoneos;
				VALIDATE_PRODUCT = YES;
			};
			name = Release;
		};
		D9129685228AA8D2002A8C51 /* Debug */ = {
			isa = XCBuildConfiguration;
			baseConfigurationReference = 709BF3846C121BA356C7EB81 /* Pods-AdMobBidMachineSample.debug.xcconfig */;
			buildSettings = {
				ASSETCATALOG_COMPILER_APPICON_NAME = AppIcon;
				CODE_SIGN_STYLE = Automatic;
				DEVELOPMENT_TEAM = WG4VFF78ZM;
				INFOPLIST_FILE = AdMobBidMachineSample/Info.plist;
				LD_RUNPATH_SEARCH_PATHS = (
					"$(inherited)",
					"@executable_path/Frameworks",
				);
				PRODUCT_BUNDLE_IDENTIFIER = com.bidmachine.AdMobBidMachineSample;
				PRODUCT_NAME = "$(TARGET_NAME)";
				TARGETED_DEVICE_FAMILY = "1,2";
			};
			name = Debug;
		};
		D9129686228AA8D2002A8C51 /* Release */ = {
			isa = XCBuildConfiguration;
			baseConfigurationReference = 60409323F36DE76172B558F6 /* Pods-AdMobBidMachineSample.release.xcconfig */;
			buildSettings = {
				ASSETCATALOG_COMPILER_APPICON_NAME = AppIcon;
				CODE_SIGN_STYLE = Automatic;
				DEVELOPMENT_TEAM = WG4VFF78ZM;
				INFOPLIST_FILE = AdMobBidMachineSample/Info.plist;
				LD_RUNPATH_SEARCH_PATHS = (
					"$(inherited)",
					"@executable_path/Frameworks",
				);
				PRODUCT_BUNDLE_IDENTIFIER = com.bidmachine.AdMobBidMachineSample;
				PRODUCT_NAME = "$(TARGET_NAME)";
				TARGETED_DEVICE_FAMILY = "1,2";
			};
			name = Release;
		};
		D9129691228AAB01002A8C51 /* Debug */ = {
			isa = XCBuildConfiguration;
			baseConfigurationReference = 75C5E40DE3F0F148AD09434A /* Pods-BidMachineAdapter.debug.xcconfig */;
			buildSettings = {
				CODE_SIGN_STYLE = Automatic;
				DEVELOPMENT_TEAM = WG4VFF78ZM;
				OTHER_LDFLAGS = "-ObjC";
				PRODUCT_NAME = "$(TARGET_NAME)";
				SKIP_INSTALL = YES;
				TARGETED_DEVICE_FAMILY = "1,2";
			};
			name = Debug;
		};
		D9129692228AAB01002A8C51 /* Release */ = {
			isa = XCBuildConfiguration;
			baseConfigurationReference = 4BF3F9D80DCCECD043B40FB6 /* Pods-BidMachineAdapter.release.xcconfig */;
			buildSettings = {
				CODE_SIGN_STYLE = Automatic;
				DEVELOPMENT_TEAM = WG4VFF78ZM;
				OTHER_LDFLAGS = "-ObjC";
				PRODUCT_NAME = "$(TARGET_NAME)";
				SKIP_INSTALL = YES;
				TARGETED_DEVICE_FAMILY = "1,2";
			};
			name = Release;
		};
/* End XCBuildConfiguration section */

/* Begin XCConfigurationList section */
		D9129669228AA8D1002A8C51 /* Build configuration list for PBXProject "AdMobBidMachineSample" */ = {
			isa = XCConfigurationList;
			buildConfigurations = (
				D9129682228AA8D2002A8C51 /* Debug */,
				D9129683228AA8D2002A8C51 /* Release */,
			);
			defaultConfigurationIsVisible = 0;
			defaultConfigurationName = Release;
		};
		D9129684228AA8D2002A8C51 /* Build configuration list for PBXNativeTarget "AdMobBidMachineSample" */ = {
			isa = XCConfigurationList;
			buildConfigurations = (
				D9129685228AA8D2002A8C51 /* Debug */,
				D9129686228AA8D2002A8C51 /* Release */,
			);
			defaultConfigurationIsVisible = 0;
			defaultConfigurationName = Release;
		};
		D9129693228AAB01002A8C51 /* Build configuration list for PBXNativeTarget "BidMachineAdapter" */ = {
			isa = XCConfigurationList;
			buildConfigurations = (
				D9129691228AAB01002A8C51 /* Debug */,
				D9129692228AAB01002A8C51 /* Release */,
			);
			defaultConfigurationIsVisible = 0;
			defaultConfigurationName = Release;
		};
/* End XCConfigurationList section */
	};
	rootObject = D9129666228AA8D1002A8C51 /* Project object */;
}
